Microsoft Visual Studio Solution File, Format Version 12.00
# Visual Studio 15
Project("{2150E333-8FDC-42A3-9474-1A3956D46DE8}") = "CMakePredefinedTargets", "CMakePredefinedTargets", "{7560878E-455A-3CE8-9725-1FCC82695593}"
EndProject
Project("{2150E333-8FDC-42A3-9474-1A3956D46DE8}") = "GLFW3", "GLFW3", "{69283232-803B-3D0B-A9BB-57751A97F94D}"
EndProject
Project("{2150E333-8FDC-42A3-9474-1A3956D46DE8}") = "Examples", "GLFW3\Examples", "{FF474A9B-153E-39EC-8D26-EA89A53C00D3}"
EndProject
Project("{2150E333-8FDC-42A3-9474-1A3956D46DE8}") = "Tests", "GLFW3\Tests", "{99ADA477-A960-344A-80C2-64D6B901412B}"
EndProject
Project("{8BC9CEB8-8B4A-11D0-8D11-00A0C91BC942}") = "ALL_BUILD", "ALL_BUILD.vcxproj", "{8146A032-0B04-31FD-80BB-E35B599CAD77}"
	ProjectSection(ProjectDependencies) = postProject
		{A14A9042-FFBD-3D14-B26E-A6A9C5746C81} = {A14A9042-FFBD-3D14-B26E-A6A9C5746C81}
		{CD2B90C5-F6A2-362E-BECB-82B10120829E} = {CD2B90C5-F6A2-362E-BECB-82B10120829E}
		{BE1B9A00-7D59-3FA8-93AB-596CC6B23639} = {BE1B9A00-7D59-3FA8-93AB-596CC6B23639}
		{9E6FA0A4-26C6-3223-BEF0-94A1F586CE15} = {9E6FA0A4-26C6-3223-BEF0-94A1F586CE15}
		{250C8C87-0C84-3328-A216-0C87763ACD2D} = {250C8C87-0C84-3328-A216-0C87763ACD2D}
		{93466864-58B2-3A40-A8B8-8CC1B73D7350} = {93466864-58B2-3A40-A8B8-8CC1B73D7350}
		{1CD4D149-69DA-3241-920C-3BB9B204B903} = {1CD4D149-69DA-3241-920C-3BB9B204B903}
		{E8E63ED1-06AD-3F72-A513-D8A0390B4887} = {E8E63ED1-06AD-3F72-A513-D8A0390B4887}
		{F7D9F92C-CF38-3435-B206-33F39C55B12D} = {F7D9F92C-CF38-3435-B206-33F39C55B12D}
		{06DCFC39-659F-3742-9F92-A09DD0B1FCF4} = {06DCFC39-659F-3742-9F92-A09DD0B1FCF4}
		{7D58AD7E-F557-37E3-A1B6-1B46B6687B9D} = {7D58AD7E-F557-37E3-A1B6-1B46B6687B9D}
		{00FF9899-2B7B-339D-B9B8-6E0E5C21EF03} = {00FF9899-2B7B-339D-B9B8-6E0E5C21EF03}
		{CEAA9053-2937-39F6-B4D6-1A76C174166A} = {CEAA9053-2937-39F6-B4D6-1A76C174166A}
		{7DEB7852-3184-3528-8253-969C30A239C0} = {7DEB7852-3184-3528-8253-969C30A239C0}
		{40436A2A-9938-31F8-BA8B-E348E1C219DA} = {40436A2A-9938-31F8-BA8B-E348E1C219DA}
		{659DD10E-B9AF-3C26-AFDA-739D49E6F674} = {659DD10E-B9AF-3C26-AFDA-739D49E6F674}
		{C5D772A2-7500-3068-93AA-D7EB9653B27A} = {C5D772A2-7500-3068-93AA-D7EB9653B27A}
		{CA4B0C37-2045-3299-B65B-1081534C00E4} = {CA4B0C37-2045-3299-B65B-1081534C00E4}
		{68CA1F73-8A1B-39FD-A899-B75D2013D7EB} = {68CA1F73-8A1B-39FD-A899-B75D2013D7EB}
		{F7755A6F-A92B-389C-95EF-15F73E09FE27} = {F7755A6F-A92B-389C-95EF-15F73E09FE27}
		{2029A1CF-DA1B-316A-BD80-5744706C7097} = {2029A1CF-DA1B-316A-BD80-5744706C7097}
		{9E2C3C76-D779-3E10-AB06-14F511E217B3} = {9E2C3C76-D779-3E10-AB06-14F511E217B3}
		{7704C849-2423-3D32-8143-DC398F998738} = {7704C849-2423-3D32-8143-DC398F998738}
		{28507E3A-439F-3778-ABCD-F0B2C082D60A} = {28507E3A-439F-3778-ABCD-F0B2C082D60A}
		{F8CBF21F-0657-33C5-BAD1-00BDB53F5414} = {F8CBF21F-0657-33C5-BAD1-00BDB53F5414}
		{84DC8B61-8E55-3558-8CED-10EBB7A847E0} = {84DC8B61-8E55-3558-8CED-10EBB7A847E0}
		{C8FF9884-21E7-3E8C-9376-933F514F40DB} = {C8FF9884-21E7-3E8C-9376-933F514F40DB}
		{9498CEAC-7A7C-339C-84CF-389915EB8625} = {9498CEAC-7A7C-339C-84CF-389915EB8625}
		{1AFA65AF-B877-394F-B5DF-AEDB50223CFB} = {1AFA65AF-B877-394F-B5DF-AEDB50223CFB}
		{243D2DF8-E5A5-3DA6-9132-84DC275E134A} = {243D2DF8-E5A5-3DA6-9132-84DC275E134A}
		{71B0F36D-C7F6-3FCF-9B4B-9C20F2B4AD44} = {71B0F36D-C7F6-3FCF-9B4B-9C20F2B4AD44}
		{D1510F2C-DC1F-37FC-BF02-E10511B997F0} = {D1510F2C-DC1F-37FC-BF02-E10511B997F0}
		{4C6BA8F9-E854-3B62-BD80-E15868E2A05D} = {4C6BA8F9-E854-3B62-BD80-E15868E2A05D}
		{5E6E8BA8-EC12-32A2-AABC-49D2E256EF10} = {5E6E8BA8-EC12-32A2-AABC-49D2E256EF10}
		{DEC325C0-4BA5-3334-9871-59B99350B7D3} = {DEC325C0-4BA5-3334-9871-59B99350B7D3}
		{0BCC02C7-7453-3D1F-903F-078A780137E8} = {0BCC02C7-7453-3D1F-903F-078A780137E8}
		{64073907-450B-396E-8733-EF2E800BB88A} = {64073907-450B-396E-8733-EF2E800BB88A}
		{D2725557-6A92-32A1-8A2B-C69523A1937B} = {D2725557-6A92-32A1-8A2B-C69523A1937B}
		{CF34072C-2E88-33D5-956E-CA7269C8F104} = {CF34072C-2E88-33D5-956E-CA7269C8F104}
		{4C1AC613-1756-3D65-A6C7-EB8DB4C300BE} = {4C1AC613-1756-3D65-A6C7-EB8DB4C300BE}
		{56AD285A-B0B9-30DC-B062-A5F9009516A4} = {56AD285A-B0B9-30DC-B062-A5F9009516A4}
		{BAE123C5-0091-382B-B36B-42DE29B2C95F} = {BAE123C5-0091-382B-B36B-42DE29B2C95F}
		{26727074-B773-3539-9889-9849D5F4A38E} = {26727074-B773-3539-9889-9849D5F4A38E}
		{E49796E3-AA3F-324B-B73C-4FD899356E65} = {E49796E3-AA3F-324B-B73C-4FD899356E65}
		{BFB5A911-A145-32BC-9B59-58D37CFDC76C} = {BFB5A911-A145-32BC-9B59-58D37CFDC76C}
		{F5AA8588-E49B-37ED-AD42-FADD8E70D309} = {F5AA8588-E49B-37ED-AD42-FADD8E70D309}
		{52CD819F-02B7-35E6-850C-BB1150976C0B} = {52CD819F-02B7-35E6-850C-BB1150976C0B}
		{E7E706E6-989A-3C29-8528-AB0CE08A510C} = {E7E706E6-989A-3C29-8528-AB0CE08A510C}
		{35DC9359-EF43-3CAC-BD6C-F9C535C07182} = {35DC9359-EF43-3CAC-BD6C-F9C535C07182}
		{4F72E86D-CA33-3FA8-A47D-2F362A146FD9} = {4F72E86D-CA33-3FA8-A47D-2F362A146FD9}
		{CCA89A83-9D28-3044-97F7-2EF344BA357D} = {CCA89A83-9D28-3044-97F7-2EF344BA357D}
		{0C67705E-6800-3064-9122-1F6CC26810EB} = {0C67705E-6800-3064-9122-1F6CC26810EB}
		{C97AF668-EA55-3666-8880-DC168AB9B858} = {C97AF668-EA55-3666-8880-DC168AB9B858}
		{66F6849B-3D56-320D-B067-186D4281B870} = {66F6849B-3D56-320D-B067-186D4281B870}
		{19A522D5-48A6-3C87-ACEA-B2826D35F4A4} = {19A522D5-48A6-3C87-ACEA-B2826D35F4A4}
		{4F5EF8CB-AD55-33D3-A415-BB982A39D79D} = {4F5EF8CB-AD55-33D3-A415-BB982A39D79D}
		{ED629DC8-49E0-3B3E-81D7-387A8555D13D} = {ED629DC8-49E0-3B3E-81D7-387A8555D13D}
		{9C73C220-2A38-366A-A8DB-F3A9E090D3F1} = {9C73C220-2A38-366A-A8DB-F3A9E090D3F1}
		{E68064A5-9E56-32C5-9AB1-194A2189BB67} = {E68064A5-9E56-32C5-9AB1-194A2189BB67}
		{18CD1AFC-4D7B-39CD-9E48-158218ADDA64} = {18CD1AFC-4D7B-39CD-9E48-158218ADDA64}
	EndProjectSection
EndProject
Project("{8BC9CEB8-8B4A-11D0-8D11-00A0C91BC942}") = "ANTTWEAKBAR_116_OGLCORE_GLFW", "external\ANTTWEAKBAR_116_OGLCORE_GLFW.vcxproj", "{A14A9042-FFBD-3D14-B26E-A6A9C5746C81}"
	ProjectSection(ProjectDependencies) = postProject
		{1CD4D149-69DA-3241-920C-3BB9B204B903} = {1CD4D149-69DA-3241-920C-3BB9B204B903}
	EndProjectSection
EndProject
Project("{8BC9CEB8-8B4A-11D0-8D11-00A0C91BC942}") = "BulletCollision", "external\bullet-2.81-rev2613\src\BulletCollision\BulletCollision.vcxproj", "{CD2B90C5-F6A2-362E-BECB-82B10120829E}"
	ProjectSection(ProjectDependencies) = postProject
		{1CD4D149-69DA-3241-920C-3BB9B204B903} = {1CD4D149-69DA-3241-920C-3BB9B204B903}
	EndProjectSection
EndProject
Project("{8BC9CEB8-8B4A-11D0-8D11-00A0C91BC942}") = "BulletDynamics", "external\bullet-2.81-rev2613\src\BulletDynamics\BulletDynamics.vcxproj", "{BE1B9A00-7D59-3FA8-93AB-596CC6B23639}"
	ProjectSection(ProjectDependencies) = postProject
		{1CD4D149-69DA-3241-920C-3BB9B204B903} = {1CD4D149-69DA-3241-920C-3BB9B204B903}
	EndProjectSection
EndProject
Project("{8BC9CEB8-8B4A-11D0-8D11-00A0C91BC942}") = "BulletSoftBody", "external\bullet-2.81-rev2613\src\BulletSoftBody\BulletSoftBody.vcxproj", "{9E6FA0A4-26C6-3223-BEF0-94A1F586CE15}"
	ProjectSection(ProjectDependencies) = postProject
		{1CD4D149-69DA-3241-920C-3BB9B204B903} = {1CD4D149-69DA-3241-920C-3BB9B204B903}
	EndProjectSection
EndProject
Project("{8BC9CEB8-8B4A-11D0-8D11-00A0C91BC942}") = "GLEW_1130", "external\GLEW_1130.vcxproj", "{250C8C87-0C84-3328-A216-0C87763ACD2D}"
	ProjectSection(ProjectDependencies) = postProject
		{1CD4D149-69DA-3241-920C-3BB9B204B903} = {1CD4D149-69DA-3241-920C-3BB9B204B903}
	EndProjectSection
EndProject
Project("{8BC9CEB8-8B4A-11D0-8D11-00A0C91BC942}") = "INSTALL", "INSTALL.vcxproj", "{008203FC-B994-366C-9AC8-6902700E51AB}"
	ProjectSection(ProjectDependencies) = postProject
		{8146A032-0B04-31FD-80BB-E35B599CAD77} = {8146A032-0B04-31FD-80BB-E35B599CAD77}
		{1CD4D149-69DA-3241-920C-3BB9B204B903} = {1CD4D149-69DA-3241-920C-3BB9B204B903}
	EndProjectSection
EndProject
Project("{8BC9CEB8-8B4A-11D0-8D11-00A0C91BC942}") = "LinearMath", "external\bullet-2.81-rev2613\src\LinearMath\LinearMath.vcxproj", "{93466864-58B2-3A40-A8B8-8CC1B73D7350}"
	ProjectSection(ProjectDependencies) = postProject
		{1CD4D149-69DA-3241-920C-3BB9B204B903} = {1CD4D149-69DA-3241-920C-3BB9B204B903}
	EndProjectSection
EndProject
Project("{8BC9CEB8-8B4A-11D0-8D11-00A0C91BC942}") = "ZERO_CHECK", "ZERO_CHECK.vcxproj", "{1CD4D149-69DA-3241-920C-3BB9B204B903}"
	ProjectSection(ProjectDependencies) = postProject
	EndProjectSection
EndProject
Project("{8BC9CEB8-8B4A-11D0-8D11-00A0C91BC942}") = "assimp", "external\assimp-3.0.1270\code\assimp.vcxproj", "{E8E63ED1-06AD-3F72-A513-D8A0390B4887}"
	ProjectSection(ProjectDependencies) = postProject
		{1CD4D149-69DA-3241-920C-3BB9B204B903} = {1CD4D149-69DA-3241-920C-3BB9B204B903}
		{18CD1AFC-4D7B-39CD-9E48-158218ADDA64} = {18CD1AFC-4D7B-39CD-9E48-158218ADDA64}
	EndProjectSection
EndProject
Project("{8BC9CEB8-8B4A-11D0-8D11-00A0C91BC942}") = "boing", "external\glfw-3.1.2\examples\boing.vcxproj", "{F7D9F92C-CF38-3435-B206-33F39C55B12D}"
	ProjectSection(ProjectDependencies) = postProject
		{1CD4D149-69DA-3241-920C-3BB9B204B903} = {1CD4D149-69DA-3241-920C-3BB9B204B903}
		{C5D772A2-7500-3068-93AA-D7EB9653B27A} = {C5D772A2-7500-3068-93AA-D7EB9653B27A}
	EndProjectSection
EndProject
Project("{8BC9CEB8-8B4A-11D0-8D11-00A0C91BC942}") = "clipboard", "external\glfw-3.1.2\tests\clipboard.vcxproj", "{06DCFC39-659F-3742-9F92-A09DD0B1FCF4}"
	ProjectSection(ProjectDependencies) = postProject
		{1CD4D149-69DA-3241-920C-3BB9B204B903} = {1CD4D149-69DA-3241-920C-3BB9B204B903}
		{C5D772A2-7500-3068-93AA-D7EB9653B27A} = {C5D772A2-7500-3068-93AA-D7EB9653B27A}
	EndProjectSection
EndProject
Project("{8BC9CEB8-8B4A-11D0-8D11-00A0C91BC942}") = "cursor", "external\glfw-3.1.2\tests\cursor.vcxproj", "{7D58AD7E-F557-37E3-A1B6-1B46B6687B9D}"
	ProjectSection(ProjectDependencies) = postProject
		{1CD4D149-69DA-3241-920C-3BB9B204B903} = {1CD4D149-69DA-3241-920C-3BB9B204B903}
		{C5D772A2-7500-3068-93AA-D7EB9653B27A} = {C5D772A2-7500-3068-93AA-D7EB9653B27A}
	EndProjectSection
EndProject
Project("{8BC9CEB8-8B4A-11D0-8D11-00A0C91BC942}") = "docs", "external\glfw-3.1.2\docs\docs.vcxproj", "{00FF9899-2B7B-339D-B9B8-6E0E5C21EF03}"
	ProjectSection(ProjectDependencies) = postProject
		{1CD4D149-69DA-3241-920C-3BB9B204B903} = {1CD4D149-69DA-3241-920C-3BB9B204B903}
	EndProjectSection
EndProject
Project("{8BC9CEB8-8B4A-11D0-8D11-00A0C91BC942}") = "empty", "external\glfw-3.1.2\tests\empty.vcxproj", "{CEAA9053-2937-39F6-B4D6-1A76C174166A}"
	ProjectSection(ProjectDependencies) = postProject
		{1CD4D149-69DA-3241-920C-3BB9B204B903} = {1CD4D149-69DA-3241-920C-3BB9B204B903}
		{C5D772A2-7500-3068-93AA-D7EB9653B27A} = {C5D772A2-7500-3068-93AA-D7EB9653B27A}
	EndProjectSection
EndProject
Project("{8BC9CEB8-8B4A-11D0-8D11-00A0C91BC942}") = "events", "external\glfw-3.1.2\tests\events.vcxproj", "{7DEB7852-3184-3528-8253-969C30A239C0}"
	ProjectSection(ProjectDependencies) = postProject
		{1CD4D149-69DA-3241-920C-3BB9B204B903} = {1CD4D149-69DA-3241-920C-3BB9B204B903}
		{C5D772A2-7500-3068-93AA-D7EB9653B27A} = {C5D772A2-7500-3068-93AA-D7EB9653B27A}
	EndProjectSection
EndProject
Project("{8BC9CEB8-8B4A-11D0-8D11-00A0C91BC942}") = "gamma", "external\glfw-3.1.2\tests\gamma.vcxproj", "{40436A2A-9938-31F8-BA8B-E348E1C219DA}"
	ProjectSection(ProjectDependencies) = postProject
		{1CD4D149-69DA-3241-920C-3BB9B204B903} = {1CD4D149-69DA-3241-920C-3BB9B204B903}
		{C5D772A2-7500-3068-93AA-D7EB9653B27A} = {C5D772A2-7500-3068-93AA-D7EB9653B27A}
	EndProjectSection
EndProject
Project("{8BC9CEB8-8B4A-11D0-8D11-00A0C91BC942}") = "gears", "external\glfw-3.1.2\examples\gears.vcxproj", "{659DD10E-B9AF-3C26-AFDA-739D49E6F674}"
	ProjectSection(ProjectDependencies) = postProject
		{1CD4D149-69DA-3241-920C-3BB9B204B903} = {1CD4D149-69DA-3241-920C-3BB9B204B903}
		{C5D772A2-7500-3068-93AA-D7EB9653B27A} = {C5D772A2-7500-3068-93AA-D7EB9653B27A}
	EndProjectSection
EndProject
Project("{8BC9CEB8-8B4A-11D0-8D11-00A0C91BC942}") = "glfw", "external\glfw-3.1.2\src\glfw.vcxproj", "{C5D772A2-7500-3068-93AA-D7EB9653B27A}"
	ProjectSection(ProjectDependencies) = postProject
		{1CD4D149-69DA-3241-920C-3BB9B204B903} = {1CD4D149-69DA-3241-920C-3BB9B204B903}
	EndProjectSection
EndProject
Project("{8BC9CEB8-8B4A-11D0-8D11-00A0C91BC942}") = "glfwinfo", "external\glfw-3.1.2\tests\glfwinfo.vcxproj", "{CA4B0C37-2045-3299-B65B-1081534C00E4}"
	ProjectSection(ProjectDependencies) = postProject
		{1CD4D149-69DA-3241-920C-3BB9B204B903} = {1CD4D149-69DA-3241-920C-3BB9B204B903}
		{C5D772A2-7500-3068-93AA-D7EB9653B27A} = {C5D772A2-7500-3068-93AA-D7EB9653B27A}
	EndProjectSection
EndProject
Project("{8BC9CEB8-8B4A-11D0-8D11-00A0C91BC942}") = "heightmap", "external\glfw-3.1.2\examples\heightmap.vcxproj", "{68CA1F73-8A1B-39FD-A899-B75D2013D7EB}"
	ProjectSection(ProjectDependencies) = postProject
		{1CD4D149-69DA-3241-920C-3BB9B204B903} = {1CD4D149-69DA-3241-920C-3BB9B204B903}
		{C5D772A2-7500-3068-93AA-D7EB9653B27A} = {C5D772A2-7500-3068-93AA-D7EB9653B27A}
	EndProjectSection
EndProject
Project("{8BC9CEB8-8B4A-11D0-8D11-00A0C91BC942}") = "iconify", "external\glfw-3.1.2\tests\iconify.vcxproj", "{F7755A6F-A92B-389C-95EF-15F73E09FE27}"
	ProjectSection(ProjectDependencies) = postProject
		{1CD4D149-69DA-3241-920C-3BB9B204B903} = {1CD4D149-69DA-3241-920C-3BB9B204B903}
		{C5D772A2-7500-3068-93AA-D7EB9653B27A} = {C5D772A2-7500-3068-93AA-D7EB9653B27A}
	EndProjectSection
EndProject
Project("{8BC9CEB8-8B4A-11D0-8D11-00A0C91BC942}") = "joysticks", "external\glfw-3.1.2\tests\joysticks.vcxproj", "{2029A1CF-DA1B-316A-BD80-5744706C7097}"
	ProjectSection(ProjectDependencies) = postProject
		{1CD4D149-69DA-3241-920C-3BB9B204B903} = {1CD4D149-69DA-3241-920C-3BB9B204B903}
		{C5D772A2-7500-3068-93AA-D7EB9653B27A} = {C5D772A2-7500-3068-93AA-D7EB9653B27A}
	EndProjectSection
EndProject
Project("{8BC9CEB8-8B4A-11D0-8D11-00A0C91BC942}") = "misc05_picking_BulletPhysics", "misc05_picking_BulletPhysics.vcxproj", "{9E2C3C76-D779-3E10-AB06-14F511E217B3}"
	ProjectSection(ProjectDependencies) = postProject
		{A14A9042-FFBD-3D14-B26E-A6A9C5746C81} = {A14A9042-FFBD-3D14-B26E-A6A9C5746C81}
		{CD2B90C5-F6A2-362E-BECB-82B10120829E} = {CD2B90C5-F6A2-362E-BECB-82B10120829E}
		{BE1B9A00-7D59-3FA8-93AB-596CC6B23639} = {BE1B9A00-7D59-3FA8-93AB-596CC6B23639}
		{250C8C87-0C84-3328-A216-0C87763ACD2D} = {250C8C87-0C84-3328-A216-0C87763ACD2D}
		{93466864-58B2-3A40-A8B8-8CC1B73D7350} = {93466864-58B2-3A40-A8B8-8CC1B73D7350}
		{1CD4D149-69DA-3241-920C-3BB9B204B903} = {1CD4D149-69DA-3241-920C-3BB9B204B903}
		{C5D772A2-7500-3068-93AA-D7EB9653B27A} = {C5D772A2-7500-3068-93AA-D7EB9653B27A}
	EndProjectSection
EndProject
Project("{8BC9CEB8-8B4A-11D0-8D11-00A0C91BC942}") = "misc05_picking_custom", "misc05_picking_custom.vcxproj", "{7704C849-2423-3D32-8143-DC398F998738}"
	ProjectSection(ProjectDependencies) = postProject
		{A14A9042-FFBD-3D14-B26E-A6A9C5746C81} = {A14A9042-FFBD-3D14-B26E-A6A9C5746C81}
		{250C8C87-0C84-3328-A216-0C87763ACD2D} = {250C8C87-0C84-3328-A216-0C87763ACD2D}
		{1CD4D149-69DA-3241-920C-3BB9B204B903} = {1CD4D149-69DA-3241-920C-3BB9B204B903}
		{C5D772A2-7500-3068-93AA-D7EB9653B27A} = {C5D772A2-7500-3068-93AA-D7EB9653B27A}
	EndProjectSection
EndProject
Project("{8BC9CEB8-8B4A-11D0-8D11-00A0C91BC942}") = "misc05_picking_slow_easy", "misc05_picking_slow_easy.vcxproj", "{28507E3A-439F-3778-ABCD-F0B2C082D60A}"
	ProjectSection(ProjectDependencies) = postProject
		{A14A9042-FFBD-3D14-B26E-A6A9C5746C81} = {A14A9042-FFBD-3D14-B26E-A6A9C5746C81}
		{250C8C87-0C84-3328-A216-0C87763ACD2D} = {250C8C87-0C84-3328-A216-0C87763ACD2D}
		{1CD4D149-69DA-3241-920C-3BB9B204B903} = {1CD4D149-69DA-3241-920C-3BB9B204B903}
		{C5D772A2-7500-3068-93AA-D7EB9653B27A} = {C5D772A2-7500-3068-93AA-D7EB9653B27A}
	EndProjectSection
EndProject
Project("{8BC9CEB8-8B4A-11D0-8D11-00A0C91BC942}") = "monitors", "external\glfw-3.1.2\tests\monitors.vcxproj", "{F8CBF21F-0657-33C5-BAD1-00BDB53F5414}"
	ProjectSection(ProjectDependencies) = postProject
		{1CD4D149-69DA-3241-920C-3BB9B204B903} = {1CD4D149-69DA-3241-920C-3BB9B204B903}
		{C5D772A2-7500-3068-93AA-D7EB9653B27A} = {C5D772A2-7500-3068-93AA-D7EB9653B27A}
	EndProjectSection
EndProject
Project("{8BC9CEB8-8B4A-11D0-8D11-00A0C91BC942}") = "msaa", "external\glfw-3.1.2\tests\msaa.vcxproj", "{84DC8B61-8E55-3558-8CED-10EBB7A847E0}"
	ProjectSection(ProjectDependencies) = postProject
		{1CD4D149-69DA-3241-920C-3BB9B204B903} = {1CD4D149-69DA-3241-920C-3BB9B204B903}
		{C5D772A2-7500-3068-93AA-D7EB9653B27A} = {C5D772A2-7500-3068-93AA-D7EB9653B27A}
	EndProjectSection
EndProject
Project("{8BC9CEB8-8B4A-11D0-8D11-00A0C91BC942}") = "particles", "external\glfw-3.1.2\examples\particles.vcxproj", "{C8FF9884-21E7-3E8C-9376-933F514F40DB}"
	ProjectSection(ProjectDependencies) = postProject
		{1CD4D149-69DA-3241-920C-3BB9B204B903} = {1CD4D149-69DA-3241-920C-3BB9B204B903}
		{C5D772A2-7500-3068-93AA-D7EB9653B27A} = {C5D772A2-7500-3068-93AA-D7EB9653B27A}
	EndProjectSection
EndProject
Project("{8BC9CEB8-8B4A-11D0-8D11-00A0C91BC942}") = "playground", "playground.vcxproj", "{9498CEAC-7A7C-339C-84CF-389915EB8625}"
	ProjectSection(ProjectDependencies) = postProject
		{250C8C87-0C84-3328-A216-0C87763ACD2D} = {250C8C87-0C84-3328-A216-0C87763ACD2D}
		{1CD4D149-69DA-3241-920C-3BB9B204B903} = {1CD4D149-69DA-3241-920C-3BB9B204B903}
		{C5D772A2-7500-3068-93AA-D7EB9653B27A} = {C5D772A2-7500-3068-93AA-D7EB9653B27A}
	EndProjectSection
EndProject
Project("{8BC9CEB8-8B4A-11D0-8D11-00A0C91BC942}") = "reopen", "external\glfw-3.1.2\tests\reopen.vcxproj", "{1AFA65AF-B877-394F-B5DF-AEDB50223CFB}"
	ProjectSection(ProjectDependencies) = postProject
		{1CD4D149-69DA-3241-920C-3BB9B204B903} = {1CD4D149-69DA-3241-920C-3BB9B204B903}
		{C5D772A2-7500-3068-93AA-D7EB9653B27A} = {C5D772A2-7500-3068-93AA-D7EB9653B27A}
	EndProjectSection
EndProject
Project("{8BC9CEB8-8B4A-11D0-8D11-00A0C91BC942}") = "sharing", "external\glfw-3.1.2\tests\sharing.vcxproj", "{243D2DF8-E5A5-3DA6-9132-84DC275E134A}"
	ProjectSection(ProjectDependencies) = postProject
		{1CD4D149-69DA-3241-920C-3BB9B204B903} = {1CD4D149-69DA-3241-920C-3BB9B204B903}
		{C5D772A2-7500-3068-93AA-D7EB9653B27A} = {C5D772A2-7500-3068-93AA-D7EB9653B27A}
	EndProjectSection
EndProject
Project("{8BC9CEB8-8B4A-11D0-8D11-00A0C91BC942}") = "simple", "external\glfw-3.1.2\examples\simple.vcxproj", "{71B0F36D-C7F6-3FCF-9B4B-9C20F2B4AD44}"
	ProjectSection(ProjectDependencies) = postProject
		{1CD4D149-69DA-3241-920C-3BB9B204B903} = {1CD4D149-69DA-3241-920C-3BB9B204B903}
		{C5D772A2-7500-3068-93AA-D7EB9653B27A} = {C5D772A2-7500-3068-93AA-D7EB9653B27A}
	EndProjectSection
EndProject
Project("{8BC9CEB8-8B4A-11D0-8D11-00A0C91BC942}") = "splitview", "external\glfw-3.1.2\examples\splitview.vcxproj", "{D1510F2C-DC1F-37FC-BF02-E10511B997F0}"
	ProjectSection(ProjectDependencies) = postProject
		{1CD4D149-69DA-3241-920C-3BB9B204B903} = {1CD4D149-69DA-3241-920C-3BB9B204B903}
		{C5D772A2-7500-3068-93AA-D7EB9653B27A} = {C5D772A2-7500-3068-93AA-D7EB9653B27A}
	EndProjectSection
EndProject
Project("{8BC9CEB8-8B4A-11D0-8D11-00A0C91BC942}") = "tearing", "external\glfw-3.1.2\tests\tearing.vcxproj", "{4C6BA8F9-E854-3B62-BD80-E15868E2A05D}"
	ProjectSection(ProjectDependencies) = postProject
		{1CD4D149-69DA-3241-920C-3BB9B204B903} = {1CD4D149-69DA-3241-920C-3BB9B204B903}
		{C5D772A2-7500-3068-93AA-D7EB9653B27A} = {C5D772A2-7500-3068-93AA-D7EB9653B27A}
	EndProjectSection
EndProject
Project("{8BC9CEB8-8B4A-11D0-8D11-00A0C91BC942}") = "threads", "external\glfw-3.1.2\tests\threads.vcxproj", "{5E6E8BA8-EC12-32A2-AABC-49D2E256EF10}"
	ProjectSection(ProjectDependencies) = postProject
		{1CD4D149-69DA-3241-920C-3BB9B204B903} = {1CD4D149-69DA-3241-920C-3BB9B204B903}
		{C5D772A2-7500-3068-93AA-D7EB9653B27A} = {C5D772A2-7500-3068-93AA-D7EB9653B27A}
	EndProjectSection
EndProject
Project("{8BC9CEB8-8B4A-11D0-8D11-00A0C91BC942}") = "title", "external\glfw-3.1.2\tests\title.vcxproj", "{DEC325C0-4BA5-3334-9871-59B99350B7D3}"
	ProjectSection(ProjectDependencies) = postProject
		{1CD4D149-69DA-3241-920C-3BB9B204B903} = {1CD4D149-69DA-3241-920C-3BB9B204B903}
		{C5D772A2-7500-3068-93AA-D7EB9653B27A} = {C5D772A2-7500-3068-93AA-D7EB9653B27A}
	EndProjectSection
EndProject
Project("{8BC9CEB8-8B4A-11D0-8D11-00A0C91BC942}") = "tutorial01_first_window", "tutorial01_first_window.vcxproj", "{0BCC02C7-7453-3D1F-903F-078A780137E8}"
	ProjectSection(ProjectDependencies) = postProject
		{250C8C87-0C84-3328-A216-0C87763ACD2D} = {250C8C87-0C84-3328-A216-0C87763ACD2D}
		{1CD4D149-69DA-3241-920C-3BB9B204B903} = {1CD4D149-69DA-3241-920C-3BB9B204B903}
		{C5D772A2-7500-3068-93AA-D7EB9653B27A} = {C5D772A2-7500-3068-93AA-D7EB9653B27A}
	EndProjectSection
EndProject
Project("{8BC9CEB8-8B4A-11D0-8D11-00A0C91BC942}") = "tutorial02_red_triangle", "tutorial02_red_triangle.vcxproj", "{64073907-450B-396E-8733-EF2E800BB88A}"
	ProjectSection(ProjectDependencies) = postProject
		{250C8C87-0C84-3328-A216-0C87763ACD2D} = {250C8C87-0C84-3328-A216-0C87763ACD2D}
		{1CD4D149-69DA-3241-920C-3BB9B204B903} = {1CD4D149-69DA-3241-920C-3BB9B204B903}
		{C5D772A2-7500-3068-93AA-D7EB9653B27A} = {C5D772A2-7500-3068-93AA-D7EB9653B27A}
	EndProjectSection
EndProject
Project("{8BC9CEB8-8B4A-11D0-8D11-00A0C91BC942}") = "tutorial03_matrices", "tutorial03_matrices.vcxproj", "{D2725557-6A92-32A1-8A2B-C69523A1937B}"
	ProjectSection(ProjectDependencies) = postProject
		{250C8C87-0C84-3328-A216-0C87763ACD2D} = {250C8C87-0C84-3328-A216-0C87763ACD2D}
		{1CD4D149-69DA-3241-920C-3BB9B204B903} = {1CD4D149-69DA-3241-920C-3BB9B204B903}
		{C5D772A2-7500-3068-93AA-D7EB9653B27A} = {C5D772A2-7500-3068-93AA-D7EB9653B27A}
	EndProjectSection
EndProject
Project("{8BC9CEB8-8B4A-11D0-8D11-00A0C91BC942}") = "tutorial04_colored_cube", "tutorial04_colored_cube.vcxproj", "{CF34072C-2E88-33D5-956E-CA7269C8F104}"
	ProjectSection(ProjectDependencies) = postProject
		{250C8C87-0C84-3328-A216-0C87763ACD2D} = {250C8C87-0C84-3328-A216-0C87763ACD2D}
		{1CD4D149-69DA-3241-920C-3BB9B204B903} = {1CD4D149-69DA-3241-920C-3BB9B204B903}
		{C5D772A2-7500-3068-93AA-D7EB9653B27A} = {C5D772A2-7500-3068-93AA-D7EB9653B27A}
	EndProjectSection
EndProject
Project("{8BC9CEB8-8B4A-11D0-8D11-00A0C91BC942}") = "tutorial05_textured_cube", "tutorial05_textured_cube.vcxproj", "{4C1AC613-1756-3D65-A6C7-EB8DB4C300BE}"
	ProjectSection(ProjectDependencies) = postProject
		{250C8C87-0C84-3328-A216-0C87763ACD2D} = {250C8C87-0C84-3328-A216-0C87763ACD2D}
		{1CD4D149-69DA-3241-920C-3BB9B204B903} = {1CD4D149-69DA-3241-920C-3BB9B204B903}
		{C5D772A2-7500-3068-93AA-D7EB9653B27A} = {C5D772A2-7500-3068-93AA-D7EB9653B27A}
	EndProjectSection
EndProject
Project("{8BC9CEB8-8B4A-11D0-8D11-00A0C91BC942}") = "tutorial06_keyboard_and_mouse", "tutorial06_keyboard_and_mouse.vcxproj", "{56AD285A-B0B9-30DC-B062-A5F9009516A4}"
	ProjectSection(ProjectDependencies) = postProject
		{250C8C87-0C84-3328-A216-0C87763ACD2D} = {250C8C87-0C84-3328-A216-0C87763ACD2D}
		{1CD4D149-69DA-3241-920C-3BB9B204B903} = {1CD4D149-69DA-3241-920C-3BB9B204B903}
		{C5D772A2-7500-3068-93AA-D7EB9653B27A} = {C5D772A2-7500-3068-93AA-D7EB9653B27A}
	EndProjectSection
EndProject
Project("{8BC9CEB8-8B4A-11D0-8D11-00A0C91BC942}") = "tutorial07_model_loading", "tutorial07_model_loading.vcxproj", "{BAE123C5-0091-382B-B36B-42DE29B2C95F}"
	ProjectSection(ProjectDependencies) = postProject
		{250C8C87-0C84-3328-A216-0C87763ACD2D} = {250C8C87-0C84-3328-A216-0C87763ACD2D}
		{1CD4D149-69DA-3241-920C-3BB9B204B903} = {1CD4D149-69DA-3241-920C-3BB9B204B903}
		{C5D772A2-7500-3068-93AA-D7EB9653B27A} = {C5D772A2-7500-3068-93AA-D7EB9653B27A}
	EndProjectSection
EndProject
Project("{8BC9CEB8-8B4A-11D0-8D11-00A0C91BC942}") = "tutorial08_basic_shading", "tutorial08_basic_shading.vcxproj", "{26727074-B773-3539-9889-9849D5F4A38E}"
	ProjectSection(ProjectDependencies) = postProject
		{250C8C87-0C84-3328-A216-0C87763ACD2D} = {250C8C87-0C84-3328-A216-0C87763ACD2D}
		{1CD4D149-69DA-3241-920C-3BB9B204B903} = {1CD4D149-69DA-3241-920C-3BB9B204B903}
		{C5D772A2-7500-3068-93AA-D7EB9653B27A} = {C5D772A2-7500-3068-93AA-D7EB9653B27A}
	EndProjectSection
EndProject
Project("{8BC9CEB8-8B4A-11D0-8D11-00A0C91BC942}") = "tutorial09_AssImp", "tutorial09_AssImp.vcxproj", "{E49796E3-AA3F-324B-B73C-4FD899356E65}"
	ProjectSection(ProjectDependencies) = postProject
		{250C8C87-0C84-3328-A216-0C87763ACD2D} = {250C8C87-0C84-3328-A216-0C87763ACD2D}
		{1CD4D149-69DA-3241-920C-3BB9B204B903} = {1CD4D149-69DA-3241-920C-3BB9B204B903}
		{E8E63ED1-06AD-3F72-A513-D8A0390B4887} = {E8E63ED1-06AD-3F72-A513-D8A0390B4887}
		{C5D772A2-7500-3068-93AA-D7EB9653B27A} = {C5D772A2-7500-3068-93AA-D7EB9653B27A}
		{18CD1AFC-4D7B-39CD-9E48-158218ADDA64} = {18CD1AFC-4D7B-39CD-9E48-158218ADDA64}
	EndProjectSection
EndProject
Project("{8BC9CEB8-8B4A-11D0-8D11-00A0C91BC942}") = "tutorial09_several_objects", "tutorial09_several_objects.vcxproj", "{BFB5A911-A145-32BC-9B59-58D37CFDC76C}"
	ProjectSection(ProjectDependencies) = postProject
		{250C8C87-0C84-3328-A216-0C87763ACD2D} = {250C8C87-0C84-3328-A216-0C87763ACD2D}
		{1CD4D149-69DA-3241-920C-3BB9B204B903} = {1CD4D149-69DA-3241-920C-3BB9B204B903}
		{C5D772A2-7500-3068-93AA-D7EB9653B27A} = {C5D772A2-7500-3068-93AA-D7EB9653B27A}
	EndProjectSection
EndProject
Project("{8BC9CEB8-8B4A-11D0-8D11-00A0C91BC942}") = "tutorial09_vbo_indexing", "tutorial09_vbo_indexing.vcxproj", "{F5AA8588-E49B-37ED-AD42-FADD8E70D309}"
	ProjectSection(ProjectDependencies) = postProject
		{250C8C87-0C84-3328-A216-0C87763ACD2D} = {250C8C87-0C84-3328-A216-0C87763ACD2D}
		{1CD4D149-69DA-3241-920C-3BB9B204B903} = {1CD4D149-69DA-3241-920C-3BB9B204B903}
		{C5D772A2-7500-3068-93AA-D7EB9653B27A} = {C5D772A2-7500-3068-93AA-D7EB9653B27A}
	EndProjectSection
EndProject
Project("{8BC9CEB8-8B4A-11D0-8D11-00A0C91BC942}") = "tutorial10_transparency", "tutorial10_transparency.vcxproj", "{52CD819F-02B7-35E6-850C-BB1150976C0B}"
	ProjectSection(ProjectDependencies) = postProject
		{250C8C87-0C84-3328-A216-0C87763ACD2D} = {250C8C87-0C84-3328-A216-0C87763ACD2D}
		{1CD4D149-69DA-3241-920C-3BB9B204B903} = {1CD4D149-69DA-3241-920C-3BB9B204B903}
		{C5D772A2-7500-3068-93AA-D7EB9653B27A} = {C5D772A2-7500-3068-93AA-D7EB9653B27A}
	EndProjectSection
EndProject
Project("{8BC9CEB8-8B4A-11D0-8D11-00A0C91BC942}") = "tutorial11_2d_fonts", "tutorial11_2d_fonts.vcxproj", "{E7E706E6-989A-3C29-8528-AB0CE08A510C}"
	ProjectSection(ProjectDependencies) = postProject
		{250C8C87-0C84-3328-A216-0C87763ACD2D} = {250C8C87-0C84-3328-A216-0C87763ACD2D}
		{1CD4D149-69DA-3241-920C-3BB9B204B903} = {1CD4D149-69DA-3241-920C-3BB9B204B903}
		{C5D772A2-7500-3068-93AA-D7EB9653B27A} = {C5D772A2-7500-3068-93AA-D7EB9653B27A}
	EndProjectSection
EndProject
Project("{8BC9CEB8-8B4A-11D0-8D11-00A0C91BC942}") = "tutorial12_extensions", "tutorial12_extensions.vcxproj", "{35DC9359-EF43-3CAC-BD6C-F9C535C07182}"
	ProjectSection(ProjectDependencies) = postProject
		{250C8C87-0C84-3328-A216-0C87763ACD2D} = {250C8C87-0C84-3328-A216-0C87763ACD2D}
		{1CD4D149-69DA-3241-920C-3BB9B204B903} = {1CD4D149-69DA-3241-920C-3BB9B204B903}
		{C5D772A2-7500-3068-93AA-D7EB9653B27A} = {C5D772A2-7500-3068-93AA-D7EB9653B27A}
	EndProjectSection
EndProject
Project("{8BC9CEB8-8B4A-11D0-8D11-00A0C91BC942}") = "tutorial13_normal_mapping", "tutorial13_normal_mapping.vcxproj", "{4F72E86D-CA33-3FA8-A47D-2F362A146FD9}"
	ProjectSection(ProjectDependencies) = postProject
		{250C8C87-0C84-3328-A216-0C87763ACD2D} = {250C8C87-0C84-3328-A216-0C87763ACD2D}
		{1CD4D149-69DA-3241-920C-3BB9B204B903} = {1CD4D149-69DA-3241-920C-3BB9B204B903}
		{C5D772A2-7500-3068-93AA-D7EB9653B27A} = {C5D772A2-7500-3068-93AA-D7EB9653B27A}
	EndProjectSection
EndProject
Project("{8BC9CEB8-8B4A-11D0-8D11-00A0C91BC942}") = "tutorial14_render_to_texture", "tutorial14_render_to_texture.vcxproj", "{CCA89A83-9D28-3044-97F7-2EF344BA357D}"
	ProjectSection(ProjectDependencies) = postProject
		{250C8C87-0C84-3328-A216-0C87763ACD2D} = {250C8C87-0C84-3328-A216-0C87763ACD2D}
		{1CD4D149-69DA-3241-920C-3BB9B204B903} = {1CD4D149-69DA-3241-920C-3BB9B204B903}
		{C5D772A2-7500-3068-93AA-D7EB9653B27A} = {C5D772A2-7500-3068-93AA-D7EB9653B27A}
	EndProjectSection
EndProject
Project("{8BC9CEB8-8B4A-11D0-8D11-00A0C91BC942}") = "tutorial15_lightmaps", "tutorial15_lightmaps.vcxproj", "{0C67705E-6800-3064-9122-1F6CC26810EB}"
	ProjectSection(ProjectDependencies) = postProject
		{250C8C87-0C84-3328-A216-0C87763ACD2D} = {250C8C87-0C84-3328-A216-0C87763ACD2D}
		{1CD4D149-69DA-3241-920C-3BB9B204B903} = {1CD4D149-69DA-3241-920C-3BB9B204B903}
		{C5D772A2-7500-3068-93AA-D7EB9653B27A} = {C5D772A2-7500-3068-93AA-D7EB9653B27A}
	EndProjectSection
EndProject
Project("{8BC9CEB8-8B4A-11D0-8D11-00A0C91BC942}") = "tutorial16_shadowmaps", "tutorial16_shadowmaps.vcxproj", "{C97AF668-EA55-3666-8880-DC168AB9B858}"
	ProjectSection(ProjectDependencies) = postProject
		{250C8C87-0C84-3328-A216-0C87763ACD2D} = {250C8C87-0C84-3328-A216-0C87763ACD2D}
		{1CD4D149-69DA-3241-920C-3BB9B204B903} = {1CD4D149-69DA-3241-920C-3BB9B204B903}
		{C5D772A2-7500-3068-93AA-D7EB9653B27A} = {C5D772A2-7500-3068-93AA-D7EB9653B27A}
	EndProjectSection
EndProject
Project("{8BC9CEB8-8B4A-11D0-8D11-00A0C91BC942}") = "tutorial16_shadowmaps_simple", "tutorial16_shadowmaps_simple.vcxproj", "{66F6849B-3D56-320D-B067-186D4281B870}"
	ProjectSection(ProjectDependencies) = postProject
		{250C8C87-0C84-3328-A216-0C87763ACD2D} = {250C8C87-0C84-3328-A216-0C87763ACD2D}
		{1CD4D149-69DA-3241-920C-3BB9B204B903} = {1CD4D149-69DA-3241-920C-3BB9B204B903}
		{C5D772A2-7500-3068-93AA-D7EB9653B27A} = {C5D772A2-7500-3068-93AA-D7EB9653B27A}
	EndProjectSection
EndProject
Project("{8BC9CEB8-8B4A-11D0-8D11-00A0C91BC942}") = "tutorial17_rotations", "tutorial17_rotations.vcxproj", "{19A522D5-48A6-3C87-ACEA-B2826D35F4A4}"
	ProjectSection(ProjectDependencies) = postProject
		{A14A9042-FFBD-3D14-B26E-A6A9C5746C81} = {A14A9042-FFBD-3D14-B26E-A6A9C5746C81}
		{250C8C87-0C84-3328-A216-0C87763ACD2D} = {250C8C87-0C84-3328-A216-0C87763ACD2D}
		{1CD4D149-69DA-3241-920C-3BB9B204B903} = {1CD4D149-69DA-3241-920C-3BB9B204B903}
		{C5D772A2-7500-3068-93AA-D7EB9653B27A} = {C5D772A2-7500-3068-93AA-D7EB9653B27A}
	EndProjectSection
EndProject
Project("{8BC9CEB8-8B4A-11D0-8D11-00A0C91BC942}") = "tutorial18_billboards", "tutorial18_billboards.vcxproj", "{4F5EF8CB-AD55-33D3-A415-BB982A39D79D}"
	ProjectSection(ProjectDependencies) = postProject
		{250C8C87-0C84-3328-A216-0C87763ACD2D} = {250C8C87-0C84-3328-A216-0C87763ACD2D}
		{1CD4D149-69DA-3241-920C-3BB9B204B903} = {1CD4D149-69DA-3241-920C-3BB9B204B903}
		{C5D772A2-7500-3068-93AA-D7EB9653B27A} = {C5D772A2-7500-3068-93AA-D7EB9653B27A}
	EndProjectSection
EndProject
Project("{8BC9CEB8-8B4A-11D0-8D11-00A0C91BC942}") = "tutorial18_particles", "tutorial18_particles.vcxproj", "{ED629DC8-49E0-3B3E-81D7-387A8555D13D}"
	ProjectSection(ProjectDependencies) = postProject
		{250C8C87-0C84-3328-A216-0C87763ACD2D} = {250C8C87-0C84-3328-A216-0C87763ACD2D}
		{1CD4D149-69DA-3241-920C-3BB9B204B903} = {1CD4D149-69DA-3241-920C-3BB9B204B903}
		{C5D772A2-7500-3068-93AA-D7EB9653B27A} = {C5D772A2-7500-3068-93AA-D7EB9653B27A}
	EndProjectSection
EndProject
Project("{8BC9CEB8-8B4A-11D0-8D11-00A0C91BC942}") = "uninstall", "external\glfw-3.1.2\uninstall.vcxproj", "{3B7254EB-0AFC-3DBE-9652-4C78965A3941}"
	ProjectSection(ProjectDependencies) = postProject
		{1CD4D149-69DA-3241-920C-3BB9B204B903} = {1CD4D149-69DA-3241-920C-3BB9B204B903}
	EndProjectSection
EndProject
Project("{8BC9CEB8-8B4A-11D0-8D11-00A0C91BC942}") = "wave", "external\glfw-3.1.2\examples\wave.vcxproj", "{9C73C220-2A38-366A-A8DB-F3A9E090D3F1}"
	ProjectSection(ProjectDependencies) = postProject
		{1CD4D149-69DA-3241-920C-3BB9B204B903} = {1CD4D149-69DA-3241-920C-3BB9B204B903}
		{C5D772A2-7500-3068-93AA-D7EB9653B27A} = {C5D772A2-7500-3068-93AA-D7EB9653B27A}
	EndProjectSection
EndProject
Project("{8BC9CEB8-8B4A-11D0-8D11-00A0C91BC942}") = "windows", "external\glfw-3.1.2\tests\windows.vcxproj", "{E68064A5-9E56-32C5-9AB1-194A2189BB67}"
	ProjectSection(ProjectDependencies) = postProject
		{1CD4D149-69DA-3241-920C-3BB9B204B903} = {1CD4D149-69DA-3241-920C-3BB9B204B903}
		{C5D772A2-7500-3068-93AA-D7EB9653B27A} = {C5D772A2-7500-3068-93AA-D7EB9653B27A}
	EndProjectSection
EndProject
Project("{8BC9CEB8-8B4A-11D0-8D11-00A0C91BC942}") = "zlib", "external\assimp-3.0.1270\contrib\zlib\zlib.vcxproj", "{18CD1AFC-4D7B-39CD-9E48-158218ADDA64}"
	ProjectSection(ProjectDependencies) = postProject
		{1CD4D149-69DA-3241-920C-3BB9B204B903} = {1CD4D149-69DA-3241-920C-3BB9B204B903}
	EndProjectSection
EndProject
Global
	GlobalSection(SolutionConfigurationPlatforms) = preSolution
		Debug|x64 = Debug|x64
		Release|x64 = Release|x64
		MinSizeRel|x64 = MinSizeRel|x64
		RelWithDebInfo|x64 = RelWithDebInfo|x64
	EndGlobalSection
	GlobalSection(ProjectConfigurationPlatforms) = postSolution
		{8146A032-0B04-31FD-80BB-E35B599CAD77}.Debug|x64.ActiveCfg = Debug|x64
		{8146A032-0B04-31FD-80BB-E35B599CAD77}.Debug|x64.Build.0 = Debug|x64
		{8146A032-0B04-31FD-80BB-E35B599CAD77}.Release|x64.ActiveCfg = Release|x64
		{8146A032-0B04-31FD-80BB-E35B599CAD77}.Release|x64.Build.0 = Release|x64
		{8146A032-0B04-31FD-80BB-E35B599CAD77}.MinSizeRel|x64.ActiveCfg = MinSizeRel|x64
		{8146A032-0B04-31FD-80BB-E35B599CAD77}.MinSizeRel|x64.Build.0 = MinSizeRel|x64
		{8146A032-0B04-31FD-80BB-E35B599CAD77}.RelWithDebInfo|x64.ActiveCfg = RelWithDebInfo|x64
		{8146A032-0B04-31FD-80BB-E35B599CAD77}.RelWithDebInfo|x64.Build.0 = RelWithDebInfo|x64
		{A14A9042-FFBD-3D14-B26E-A6A9C5746C81}.Debug|x64.ActiveCfg = Debug|x64
		{A14A9042-FFBD-3D14-B26E-A6A9C5746C81}.Debug|x64.Build.0 = Debug|x64
		{A14A9042-FFBD-3D14-B26E-A6A9C5746C81}.Release|x64.ActiveCfg = Release|x64
		{A14A9042-FFBD-3D14-B26E-A6A9C5746C81}.Release|x64.Build.0 = Release|x64
		{A14A9042-FFBD-3D14-B26E-A6A9C5746C81}.MinSizeRel|x64.ActiveCfg = MinSizeRel|x64
		{A14A9042-FFBD-3D14-B26E-A6A9C5746C81}.MinSizeRel|x64.Build.0 = MinSizeRel|x64
		{A14A9042-FFBD-3D14-B26E-A6A9C5746C81}.RelWithDebInfo|x64.ActiveCfg = RelWithDebInfo|x64
		{A14A9042-FFBD-3D14-B26E-A6A9C5746C81}.RelWithDebInfo|x64.Build.0 = RelWithDebInfo|x64
		{CD2B90C5-F6A2-362E-BECB-82B10120829E}.Debug|x64.ActiveCfg = Debug|x64
		{CD2B90C5-F6A2-362E-BECB-82B10120829E}.Debug|x64.Build.0 = Debug|x64
		{CD2B90C5-F6A2-362E-BECB-82B10120829E}.Release|x64.ActiveCfg = Release|x64
		{CD2B90C5-F6A2-362E-BECB-82B10120829E}.Release|x64.Build.0 = Release|x64
		{CD2B90C5-F6A2-362E-BECB-82B10120829E}.MinSizeRel|x64.ActiveCfg = MinSizeRel|x64
		{CD2B90C5-F6A2-362E-BECB-82B10120829E}.MinSizeRel|x64.Build.0 = MinSizeRel|x64
		{CD2B90C5-F6A2-362E-BECB-82B10120829E}.RelWithDebInfo|x64.ActiveCfg = RelWithDebInfo|x64
		{CD2B90C5-F6A2-362E-BECB-82B10120829E}.RelWithDebInfo|x64.Build.0 = RelWithDebInfo|x64
		{BE1B9A00-7D59-3FA8-93AB-596CC6B23639}.Debug|x64.ActiveCfg = Debug|x64
		{BE1B9A00-7D59-3FA8-93AB-596CC6B23639}.Debug|x64.Build.0 = Debug|x64
		{BE1B9A00-7D59-3FA8-93AB-596CC6B23639}.Release|x64.ActiveCfg = Release|x64
		{BE1B9A00-7D59-3FA8-93AB-596CC6B23639}.Release|x64.Build.0 = Release|x64
		{BE1B9A00-7D59-3FA8-93AB-596CC6B23639}.MinSizeRel|x64.ActiveCfg = MinSizeRel|x64
		{BE1B9A00-7D59-3FA8-93AB-596CC6B23639}.MinSizeRel|x64.Build.0 = MinSizeRel|x64
		{BE1B9A00-7D59-3FA8-93AB-596CC6B23639}.RelWithDebInfo|x64.ActiveCfg = RelWithDebInfo|x64
		{BE1B9A00-7D59-3FA8-93AB-596CC6B23639}.RelWithDebInfo|x64.Build.0 = RelWithDebInfo|x64
		{9E6FA0A4-26C6-3223-BEF0-94A1F586CE15}.Debug|x64.ActiveCfg = Debug|x64
		{9E6FA0A4-26C6-3223-BEF0-94A1F586CE15}.Debug|x64.Build.0 = Debug|x64
		{9E6FA0A4-26C6-3223-BEF0-94A1F586CE15}.Release|x64.ActiveCfg = Release|x64
		{9E6FA0A4-26C6-3223-BEF0-94A1F586CE15}.Release|x64.Build.0 = Release|x64
		{9E6FA0A4-26C6-3223-BEF0-94A1F586CE15}.MinSizeRel|x64.ActiveCfg = MinSizeRel|x64
		{9E6FA0A4-26C6-3223-BEF0-94A1F586CE15}.MinSizeRel|x64.Build.0 = MinSizeRel|x64
		{9E6FA0A4-26C6-3223-BEF0-94A1F586CE15}.RelWithDebInfo|x64.ActiveCfg = RelWithDebInfo|x64
		{9E6FA0A4-26C6-3223-BEF0-94A1F586CE15}.RelWithDebInfo|x64.Build.0 = RelWithDebInfo|x64
		{250C8C87-0C84-3328-A216-0C87763ACD2D}.Debug|x64.ActiveCfg = Debug|x64
		{250C8C87-0C84-3328-A216-0C87763ACD2D}.Debug|x64.Build.0 = Debug|x64
		{250C8C87-0C84-3328-A216-0C87763ACD2D}.Release|x64.ActiveCfg = Release|x64
		{250C8C87-0C84-3328-A216-0C87763ACD2D}.Release|x64.Build.0 = Release|x64
		{250C8C87-0C84-3328-A216-0C87763ACD2D}.MinSizeRel|x64.ActiveCfg = MinSizeRel|x64
		{250C8C87-0C84-3328-A216-0C87763ACD2D}.MinSizeRel|x64.Build.0 = MinSizeRel|x64
		{250C8C87-0C84-3328-A216-0C87763ACD2D}.RelWithDebInfo|x64.ActiveCfg = RelWithDebInfo|x64
		{250C8C87-0C84-3328-A216-0C87763ACD2D}.RelWithDebInfo|x64.Build.0 = RelWithDebInfo|x64
		{008203FC-B994-366C-9AC8-6902700E51AB}.Debug|x64.ActiveCfg = Debug|x64
		{008203FC-B994-366C-9AC8-6902700E51AB}.Release|x64.ActiveCfg = Release|x64
		{008203FC-B994-366C-9AC8-6902700E51AB}.MinSizeRel|x64.ActiveCfg = MinSizeRel|x64
		{008203FC-B994-366C-9AC8-6902700E51AB}.RelWithDebInfo|x64.ActiveCfg = RelWithDebInfo|x64
		{93466864-58B2-3A40-A8B8-8CC1B73D7350}.Debug|x64.ActiveCfg = Debug|x64
		{93466864-58B2-3A40-A8B8-8CC1B73D7350}.Debug|x64.Build.0 = Debug|x64
		{93466864-58B2-3A40-A8B8-8CC1B73D7350}.Release|x64.ActiveCfg = Release|x64
		{93466864-58B2-3A40-A8B8-8CC1B73D7350}.Release|x64.Build.0 = Release|x64
		{93466864-58B2-3A40-A8B8-8CC1B73D7350}.MinSizeRel|x64.ActiveCfg = MinSizeRel|x64
		{93466864-58B2-3A40-A8B8-8CC1B73D7350}.MinSizeRel|x64.Build.0 = MinSizeRel|x64
		{93466864-58B2-3A40-A8B8-8CC1B73D7350}.RelWithDebInfo|x64.ActiveCfg = RelWithDebInfo|x64
		{93466864-58B2-3A40-A8B8-8CC1B73D7350}.RelWithDebInfo|x64.Build.0 = RelWithDebInfo|x64
		{1CD4D149-69DA-3241-920C-3BB9B204B903}.Debug|x64.ActiveCfg = Debug|x64
		{1CD4D149-69DA-3241-920C-3BB9B204B903}.Debug|x64.Build.0 = Debug|x64
		{1CD4D149-69DA-3241-920C-3BB9B204B903}.Release|x64.ActiveCfg = Release|x64
		{1CD4D149-69DA-3241-920C-3BB9B204B903}.Release|x64.Build.0 = Release|x64
		{1CD4D149-69DA-3241-920C-3BB9B204B903}.MinSizeRel|x64.ActiveCfg = MinSizeRel|x64
		{1CD4D149-69DA-3241-920C-3BB9B204B903}.MinSizeRel|x64.Build.0 = MinSizeRel|x64
		{1CD4D149-69DA-3241-920C-3BB9B204B903}.RelWithDebInfo|x64.ActiveCfg = RelWithDebInfo|x64
		{1CD4D149-69DA-3241-920C-3BB9B204B903}.RelWithDebInfo|x64.Build.0 = RelWithDebInfo|x64
		{E8E63ED1-06AD-3F72-A513-D8A0390B4887}.Debug|x64.ActiveCfg = Debug|x64
		{E8E63ED1-06AD-3F72-A513-D8A0390B4887}.Debug|x64.Build.0 = Debug|x64
		{E8E63ED1-06AD-3F72-A513-D8A0390B4887}.Release|x64.ActiveCfg = Release|x64
		{E8E63ED1-06AD-3F72-A513-D8A0390B4887}.Release|x64.Build.0 = Release|x64
		{E8E63ED1-06AD-3F72-A513-D8A0390B4887}.MinSizeRel|x64.ActiveCfg = MinSizeRel|x64
		{E8E63ED1-06AD-3F72-A513-D8A0390B4887}.MinSizeRel|x64.Build.0 = MinSizeRel|x64
		{E8E63ED1-06AD-3F72-A513-D8A0390B4887}.RelWithDebInfo|x64.ActiveCfg = RelWithDebInfo|x64
		{E8E63ED1-06AD-3F72-A513-D8A0390B4887}.RelWithDebInfo|x64.Build.0 = RelWithDebInfo|x64
		{F7D9F92C-CF38-3435-B206-33F39C55B12D}.Debug|x64.ActiveCfg = Debug|x64
		{F7D9F92C-CF38-3435-B206-33F39C55B12D}.Debug|x64.Build.0 = Debug|x64
		{F7D9F92C-CF38-3435-B206-33F39C55B12D}.Release|x64.ActiveCfg = Release|x64
		{F7D9F92C-CF38-3435-B206-33F39C55B12D}.Release|x64.Build.0 = Release|x64
		{F7D9F92C-CF38-3435-B206-33F39C55B12D}.MinSizeRel|x64.ActiveCfg = MinSizeRel|x64
		{F7D9F92C-CF38-3435-B206-33F39C55B12D}.MinSizeRel|x64.Build.0 = MinSizeRel|x64
		{F7D9F92C-CF38-3435-B206-33F39C55B12D}.RelWithDebInfo|x64.ActiveCfg = RelWithDebInfo|x64
		{F7D9F92C-CF38-3435-B206-33F39C55B12D}.RelWithDebInfo|x64.Build.0 = RelWithDebInfo|x64
		{06DCFC39-659F-3742-9F92-A09DD0B1FCF4}.Debug|x64.ActiveCfg = Debug|x64
		{06DCFC39-659F-3742-9F92-A09DD0B1FCF4}.Debug|x64.Build.0 = Debug|x64
		{06DCFC39-659F-3742-9F92-A09DD0B1FCF4}.Release|x64.ActiveCfg = Release|x64
		{06DCFC39-659F-3742-9F92-A09DD0B1FCF4}.Release|x64.Build.0 = Release|x64
		{06DCFC39-659F-3742-9F92-A09DD0B1FCF4}.MinSizeRel|x64.ActiveCfg = MinSizeRel|x64
		{06DCFC39-659F-3742-9F92-A09DD0B1FCF4}.MinSizeRel|x64.Build.0 = MinSizeRel|x64
		{06DCFC39-659F-3742-9F92-A09DD0B1FCF4}.RelWithDebInfo|x64.ActiveCfg = RelWithDebInfo|x64
		{06DCFC39-659F-3742-9F92-A09DD0B1FCF4}.RelWithDebInfo|x64.Build.0 = RelWithDebInfo|x64
		{7D58AD7E-F557-37E3-A1B6-1B46B6687B9D}.Debug|x64.ActiveCfg = Debug|x64
		{7D58AD7E-F557-37E3-A1B6-1B46B6687B9D}.Debug|x64.Build.0 = Debug|x64
		{7D58AD7E-F557-37E3-A1B6-1B46B6687B9D}.Release|x64.ActiveCfg = Release|x64
		{7D58AD7E-F557-37E3-A1B6-1B46B6687B9D}.Release|x64.Build.0 = Release|x64
		{7D58AD7E-F557-37E3-A1B6-1B46B6687B9D}.MinSizeRel|x64.ActiveCfg = MinSizeRel|x64
		{7D58AD7E-F557-37E3-A1B6-1B46B6687B9D}.MinSizeRel|x64.Build.0 = MinSizeRel|x64
		{7D58AD7E-F557-37E3-A1B6-1B46B6687B9D}.RelWithDebInfo|x64.ActiveCfg = RelWithDebInfo|x64
		{7D58AD7E-F557-37E3-A1B6-1B46B6687B9D}.RelWithDebInfo|x64.Build.0 = RelWithDebInfo|x64
		{00FF9899-2B7B-339D-B9B8-6E0E5C21EF03}.Debug|x64.ActiveCfg = Debug|x64
		{00FF9899-2B7B-339D-B9B8-6E0E5C21EF03}.Debug|x64.Build.0 = Debug|x64
		{00FF9899-2B7B-339D-B9B8-6E0E5C21EF03}.Release|x64.ActiveCfg = Release|x64
		{00FF9899-2B7B-339D-B9B8-6E0E5C21EF03}.Release|x64.Build.0 = Release|x64
		{00FF9899-2B7B-339D-B9B8-6E0E5C21EF03}.MinSizeRel|x64.ActiveCfg = MinSizeRel|x64
		{00FF9899-2B7B-339D-B9B8-6E0E5C21EF03}.MinSizeRel|x64.Build.0 = MinSizeRel|x64
		{00FF9899-2B7B-339D-B9B8-6E0E5C21EF03}.RelWithDebInfo|x64.ActiveCfg = RelWithDebInfo|x64
		{00FF9899-2B7B-339D-B9B8-6E0E5C21EF03}.RelWithDebInfo|x64.Build.0 = RelWithDebInfo|x64
		{CEAA9053-2937-39F6-B4D6-1A76C174166A}.Debug|x64.ActiveCfg = Debug|x64
		{CEAA9053-2937-39F6-B4D6-1A76C174166A}.Debug|x64.Build.0 = Debug|x64
		{CEAA9053-2937-39F6-B4D6-1A76C174166A}.Release|x64.ActiveCfg = Release|x64
		{CEAA9053-2937-39F6-B4D6-1A76C174166A}.Release|x64.Build.0 = Release|x64
		{CEAA9053-2937-39F6-B4D6-1A76C174166A}.MinSizeRel|x64.ActiveCfg = MinSizeRel|x64
		{CEAA9053-2937-39F6-B4D6-1A76C174166A}.MinSizeRel|x64.Build.0 = MinSizeRel|x64
		{CEAA9053-2937-39F6-B4D6-1A76C174166A}.RelWithDebInfo|x64.ActiveCfg = RelWithDebInfo|x64
		{CEAA9053-2937-39F6-B4D6-1A76C174166A}.RelWithDebInfo|x64.Build.0 = RelWithDebInfo|x64
		{7DEB7852-3184-3528-8253-969C30A239C0}.Debug|x64.ActiveCfg = Debug|x64
		{7DEB7852-3184-3528-8253-969C30A239C0}.Debug|x64.Build.0 = Debug|x64
		{7DEB7852-3184-3528-8253-969C30A239C0}.Release|x64.ActiveCfg = Release|x64
		{7DEB7852-3184-3528-8253-969C30A239C0}.Release|x64.Build.0 = Release|x64
		{7DEB7852-3184-3528-8253-969C30A239C0}.MinSizeRel|x64.ActiveCfg = MinSizeRel|x64
		{7DEB7852-3184-3528-8253-969C30A239C0}.MinSizeRel|x64.Build.0 = MinSizeRel|x64
		{7DEB7852-3184-3528-8253-969C30A239C0}.RelWithDebInfo|x64.ActiveCfg = RelWithDebInfo|x64
		{7DEB7852-3184-3528-8253-969C30A239C0}.RelWithDebInfo|x64.Build.0 = RelWithDebInfo|x64
		{40436A2A-9938-31F8-BA8B-E348E1C219DA}.Debug|x64.ActiveCfg = Debug|x64
		{40436A2A-9938-31F8-BA8B-E348E1C219DA}.Debug|x64.Build.0 = Debug|x64
		{40436A2A-9938-31F8-BA8B-E348E1C219DA}.Release|x64.ActiveCfg = Release|x64
		{40436A2A-9938-31F8-BA8B-E348E1C219DA}.Release|x64.Build.0 = Release|x64
		{40436A2A-9938-31F8-BA8B-E348E1C219DA}.MinSizeRel|x64.ActiveCfg = MinSizeRel|x64
		{40436A2A-9938-31F8-BA8B-E348E1C219DA}.MinSizeRel|x64.Build.0 = MinSizeRel|x64
		{40436A2A-9938-31F8-BA8B-E348E1C219DA}.RelWithDebInfo|x64.ActiveCfg = RelWithDebInfo|x64
		{40436A2A-9938-31F8-BA8B-E348E1C219DA}.RelWithDebInfo|x64.Build.0 = RelWithDebInfo|x64
		{659DD10E-B9AF-3C26-AFDA-739D49E6F674}.Debug|x64.ActiveCfg = Debug|x64
		{659DD10E-B9AF-3C26-AFDA-739D49E6F674}.Debug|x64.Build.0 = Debug|x64
		{659DD10E-B9AF-3C26-AFDA-739D49E6F674}.Release|x64.ActiveCfg = Release|x64
		{659DD10E-B9AF-3C26-AFDA-739D49E6F674}.Release|x64.Build.0 = Release|x64
		{659DD10E-B9AF-3C26-AFDA-739D49E6F674}.MinSizeRel|x64.ActiveCfg = MinSizeRel|x64
		{659DD10E-B9AF-3C26-AFDA-739D49E6F674}.MinSizeRel|x64.Build.0 = MinSizeRel|x64
		{659DD10E-B9AF-3C26-AFDA-739D49E6F674}.RelWithDebInfo|x64.ActiveCfg = RelWithDebInfo|x64
		{659DD10E-B9AF-3C26-AFDA-739D49E6F674}.RelWithDebInfo|x64.Build.0 = RelWithDebInfo|x64
		{C5D772A2-7500-3068-93AA-D7EB9653B27A}.Debug|x64.ActiveCfg = Debug|x64
		{C5D772A2-7500-3068-93AA-D7EB9653B27A}.Debug|x64.Build.0 = Debug|x64
		{C5D772A2-7500-3068-93AA-D7EB9653B27A}.Release|x64.ActiveCfg = Release|x64
		{C5D772A2-7500-3068-93AA-D7EB9653B27A}.Release|x64.Build.0 = Release|x64
		{C5D772A2-7500-3068-93AA-D7EB9653B27A}.MinSizeRel|x64.ActiveCfg = MinSizeRel|x64
		{C5D772A2-7500-3068-93AA-D7EB9653B27A}.MinSizeRel|x64.Build.0 = MinSizeRel|x64
		{C5D772A2-7500-3068-93AA-D7EB9653B27A}.RelWithDebInfo|x64.ActiveCfg = RelWithDebInfo|x64
		{C5D772A2-7500-3068-93AA-D7EB9653B27A}.RelWithDebInfo|x64.Build.0 = RelWithDebInfo|x64
		{CA4B0C37-2045-3299-B65B-1081534C00E4}.Debug|x64.ActiveCfg = Debug|x64
		{CA4B0C37-2045-3299-B65B-1081534C00E4}.Debug|x64.Build.0 = Debug|x64
		{CA4B0C37-2045-3299-B65B-1081534C00E4}.Release|x64.ActiveCfg = Release|x64
		{CA4B0C37-2045-3299-B65B-1081534C00E4}.Release|x64.Build.0 = Release|x64
		{CA4B0C37-2045-3299-B65B-1081534C00E4}.MinSizeRel|x64.ActiveCfg = MinSizeRel|x64
		{CA4B0C37-2045-3299-B65B-1081534C00E4}.MinSizeRel|x64.Build.0 = MinSizeRel|x64
		{CA4B0C37-2045-3299-B65B-1081534C00E4}.RelWithDebInfo|x64.ActiveCfg = RelWithDebInfo|x64
		{CA4B0C37-2045-3299-B65B-1081534C00E4}.RelWithDebInfo|x64.Build.0 = RelWithDebInfo|x64
		{68CA1F73-8A1B-39FD-A899-B75D2013D7EB}.Debug|x64.ActiveCfg = Debug|x64
		{68CA1F73-8A1B-39FD-A899-B75D2013D7EB}.Debug|x64.Build.0 = Debug|x64
		{68CA1F73-8A1B-39FD-A899-B75D2013D7EB}.Release|x64.ActiveCfg = Release|x64
		{68CA1F73-8A1B-39FD-A899-B75D2013D7EB}.Release|x64.Build.0 = Release|x64
		{68CA1F73-8A1B-39FD-A899-B75D2013D7EB}.MinSizeRel|x64.ActiveCfg = MinSizeRel|x64
		{68CA1F73-8A1B-39FD-A899-B75D2013D7EB}.MinSizeRel|x64.Build.0 = MinSizeRel|x64
		{68CA1F73-8A1B-39FD-A899-B75D2013D7EB}.RelWithDebInfo|x64.ActiveCfg = RelWithDebInfo|x64
		{68CA1F73-8A1B-39FD-A899-B75D2013D7EB}.RelWithDebInfo|x64.Build.0 = RelWithDebInfo|x64
		{F7755A6F-A92B-389C-95EF-15F73E09FE27}.Debug|x64.ActiveCfg = Debug|x64
		{F7755A6F-A92B-389C-95EF-15F73E09FE27}.Debug|x64.Build.0 = Debug|x64
		{F7755A6F-A92B-389C-95EF-15F73E09FE27}.Release|x64.ActiveCfg = Release|x64
		{F7755A6F-A92B-389C-95EF-15F73E09FE27}.Release|x64.Build.0 = Release|x64
		{F7755A6F-A92B-389C-95EF-15F73E09FE27}.MinSizeRel|x64.ActiveCfg = MinSizeRel|x64
		{F7755A6F-A92B-389C-95EF-15F73E09FE27}.MinSizeRel|x64.Build.0 = MinSizeRel|x64
		{F7755A6F-A92B-389C-95EF-15F73E09FE27}.RelWithDebInfo|x64.ActiveCfg = RelWithDebInfo|x64
		{F7755A6F-A92B-389C-95EF-15F73E09FE27}.RelWithDebInfo|x64.Build.0 = RelWithDebInfo|x64
		{2029A1CF-DA1B-316A-BD80-5744706C7097}.Debug|x64.ActiveCfg = Debug|x64
		{2029A1CF-DA1B-316A-BD80-5744706C7097}.Debug|x64.Build.0 = Debug|x64
		{2029A1CF-DA1B-316A-BD80-5744706C7097}.Release|x64.ActiveCfg = Release|x64
		{2029A1CF-DA1B-316A-BD80-5744706C7097}.Release|x64.Build.0 = Release|x64
		{2029A1CF-DA1B-316A-BD80-5744706C7097}.MinSizeRel|x64.ActiveCfg = MinSizeRel|x64
		{2029A1CF-DA1B-316A-BD80-5744706C7097}.MinSizeRel|x64.Build.0 = MinSizeRel|x64
		{2029A1CF-DA1B-316A-BD80-5744706C7097}.RelWithDebInfo|x64.ActiveCfg = RelWithDebInfo|x64
		{2029A1CF-DA1B-316A-BD80-5744706C7097}.RelWithDebInfo|x64.Build.0 = RelWithDebInfo|x64
		{9E2C3C76-D779-3E10-AB06-14F511E217B3}.Debug|x64.ActiveCfg = Debug|x64
		{9E2C3C76-D779-3E10-AB06-14F511E217B3}.Debug|x64.Build.0 = Debug|x64
		{9E2C3C76-D779-3E10-AB06-14F511E217B3}.Release|x64.ActiveCfg = Release|x64
		{9E2C3C76-D779-3E10-AB06-14F511E217B3}.Release|x64.Build.0 = Release|x64
		{9E2C3C76-D779-3E10-AB06-14F511E217B3}.MinSizeRel|x64.ActiveCfg = MinSizeRel|x64
		{9E2C3C76-D779-3E10-AB06-14F511E217B3}.MinSizeRel|x64.Build.0 = MinSizeRel|x64
		{9E2C3C76-D779-3E10-AB06-14F511E217B3}.RelWithDebInfo|x64.ActiveCfg = RelWithDebInfo|x64
		{9E2C3C76-D779-3E10-AB06-14F511E217B3}.RelWithDebInfo|x64.Build.0 = RelWithDebInfo|x64
		{7704C849-2423-3D32-8143-DC398F998738}.Debug|x64.ActiveCfg = Debug|x64
		{7704C849-2423-3D32-8143-DC398F998738}.Debug|x64.Build.0 = Debug|x64
		{7704C849-2423-3D32-8143-DC398F998738}.Release|x64.ActiveCfg = Release|x64
		{7704C849-2423-3D32-8143-DC398F998738}.Release|x64.Build.0 = Release|x64
		{7704C849-2423-3D32-8143-DC398F998738}.MinSizeRel|x64.ActiveCfg = MinSizeRel|x64
		{7704C849-2423-3D32-8143-DC398F998738}.MinSizeRel|x64.Build.0 = MinSizeRel|x64
		{7704C849-2423-3D32-8143-DC398F998738}.RelWithDebInfo|x64.ActiveCfg = RelWithDebInfo|x64
		{7704C849-2423-3D32-8143-DC398F998738}.RelWithDebInfo|x64.Build.0 = RelWithDebInfo|x64
		{28507E3A-439F-3778-ABCD-F0B2C082D60A}.Debug|x64.ActiveCfg = Debug|x64
		{28507E3A-439F-3778-ABCD-F0B2C082D60A}.Debug|x64.Build.0 = Debug|x64
		{28507E3A-439F-3778-ABCD-F0B2C082D60A}.Release|x64.ActiveCfg = Release|x64
		{28507E3A-439F-3778-ABCD-F0B2C082D60A}.Release|x64.Build.0 = Release|x64
		{28507E3A-439F-3778-ABCD-F0B2C082D60A}.MinSizeRel|x64.ActiveCfg = MinSizeRel|x64
		{28507E3A-439F-3778-ABCD-F0B2C082D60A}.MinSizeRel|x64.Build.0 = MinSizeRel|x64
		{28507E3A-439F-3778-ABCD-F0B2C082D60A}.RelWithDebInfo|x64.ActiveCfg = RelWithDebInfo|x64
		{28507E3A-439F-3778-ABCD-F0B2C082D60A}.RelWithDebInfo|x64.Build.0 = RelWithDebInfo|x64
		{F8CBF21F-0657-33C5-BAD1-00BDB53F5414}.Debug|x64.ActiveCfg = Debug|x64
		{F8CBF21F-0657-33C5-BAD1-00BDB53F5414}.Debug|x64.Build.0 = Debug|x64
		{F8CBF21F-0657-33C5-BAD1-00BDB53F5414}.Release|x64.ActiveCfg = Release|x64
		{F8CBF21F-0657-33C5-BAD1-00BDB53F5414}.Release|x64.Build.0 = Release|x64
		{F8CBF21F-0657-33C5-BAD1-00BDB53F5414}.MinSizeRel|x64.ActiveCfg = MinSizeRel|x64
		{F8CBF21F-0657-33C5-BAD1-00BDB53F5414}.MinSizeRel|x64.Build.0 = MinSizeRel|x64
		{F8CBF21F-0657-33C5-BAD1-00BDB53F5414}.RelWithDebInfo|x64.ActiveCfg = RelWithDebInfo|x64
		{F8CBF21F-0657-33C5-BAD1-00BDB53F5414}.RelWithDebInfo|x64.Build.0 = RelWithDebInfo|x64
		{84DC8B61-8E55-3558-8CED-10EBB7A847E0}.Debug|x64.ActiveCfg = Debug|x64
		{84DC8B61-8E55-3558-8CED-10EBB7A847E0}.Debug|x64.Build.0 = Debug|x64
		{84DC8B61-8E55-3558-8CED-10EBB7A847E0}.Release|x64.ActiveCfg = Release|x64
		{84DC8B61-8E55-3558-8CED-10EBB7A847E0}.Release|x64.Build.0 = Release|x64
		{84DC8B61-8E55-3558-8CED-10EBB7A847E0}.MinSizeRel|x64.ActiveCfg = MinSizeRel|x64
		{84DC8B61-8E55-3558-8CED-10EBB7A847E0}.MinSizeRel|x64.Build.0 = MinSizeRel|x64
		{84DC8B61-8E55-3558-8CED-10EBB7A847E0}.RelWithDebInfo|x64.ActiveCfg = RelWithDebInfo|x64
		{84DC8B61-8E55-3558-8CED-10EBB7A847E0}.RelWithDebInfo|x64.Build.0 = RelWithDebInfo|x64
		{C8FF9884-21E7-3E8C-9376-933F514F40DB}.Debug|x64.ActiveCfg = Debug|x64
		{C8FF9884-21E7-3E8C-9376-933F514F40DB}.Debug|x64.Build.0 = Debug|x64
		{C8FF9884-21E7-3E8C-9376-933F514F40DB}.Release|x64.ActiveCfg = Release|x64
		{C8FF9884-21E7-3E8C-9376-933F514F40DB}.Release|x64.Build.0 = Release|x64
		{C8FF9884-21E7-3E8C-9376-933F514F40DB}.MinSizeRel|x64.ActiveCfg = MinSizeRel|x64
		{C8FF9884-21E7-3E8C-9376-933F514F40DB}.MinSizeRel|x64.Build.0 = MinSizeRel|x64
		{C8FF9884-21E7-3E8C-9376-933F514F40DB}.RelWithDebInfo|x64.ActiveCfg = RelWithDebInfo|x64
		{C8FF9884-21E7-3E8C-9376-933F514F40DB}.RelWithDebInfo|x64.Build.0 = RelWithDebInfo|x64
		{9498CEAC-7A7C-339C-84CF-389915EB8625}.Debug|x64.ActiveCfg = Debug|x64
		{9498CEAC-7A7C-339C-84CF-389915EB8625}.Debug|x64.Build.0 = Debug|x64
		{9498CEAC-7A7C-339C-84CF-389915EB8625}.Release|x64.ActiveCfg = Release|x64
		{9498CEAC-7A7C-339C-84CF-389915EB8625}.Release|x64.Build.0 = Release|x64
		{9498CEAC-7A7C-339C-84CF-389915EB8625}.MinSizeRel|x64.ActiveCfg = MinSizeRel|x64
		{9498CEAC-7A7C-339C-84CF-389915EB8625}.MinSizeRel|x64.Build.0 = MinSizeRel|x64
		{9498CEAC-7A7C-339C-84CF-389915EB8625}.RelWithDebInfo|x64.ActiveCfg = RelWithDebInfo|x64
		{9498CEAC-7A7C-339C-84CF-389915EB8625}.RelWithDebInfo|x64.Build.0 = RelWithDebInfo|x64
		{1AFA65AF-B877-394F-B5DF-AEDB50223CFB}.Debug|x64.ActiveCfg = Debug|x64
		{1AFA65AF-B877-394F-B5DF-AEDB50223CFB}.Debug|x64.Build.0 = Debug|x64
		{1AFA65AF-B877-394F-B5DF-AEDB50223CFB}.Release|x64.ActiveCfg = Release|x64
		{1AFA65AF-B877-394F-B5DF-AEDB50223CFB}.Release|x64.Build.0 = Release|x64
		{1AFA65AF-B877-394F-B5DF-AEDB50223CFB}.MinSizeRel|x64.ActiveCfg = MinSizeRel|x64
		{1AFA65AF-B877-394F-B5DF-AEDB50223CFB}.MinSizeRel|x64.Build.0 = MinSizeRel|x64
		{1AFA65AF-B877-394F-B5DF-AEDB50223CFB}.RelWithDebInfo|x64.ActiveCfg = RelWithDebInfo|x64
		{1AFA65AF-B877-394F-B5DF-AEDB50223CFB}.RelWithDebInfo|x64.Build.0 = RelWithDebInfo|x64
		{243D2DF8-E5A5-3DA6-9132-84DC275E134A}.Debug|x64.ActiveCfg = Debug|x64
		{243D2DF8-E5A5-3DA6-9132-84DC275E134A}.Debug|x64.Build.0 = Debug|x64
		{243D2DF8-E5A5-3DA6-9132-84DC275E134A}.Release|x64.ActiveCfg = Release|x64
		{243D2DF8-E5A5-3DA6-9132-84DC275E134A}.Release|x64.Build.0 = Release|x64
		{243D2DF8-E5A5-3DA6-9132-84DC275E134A}.MinSizeRel|x64.ActiveCfg = MinSizeRel|x64
		{243D2DF8-E5A5-3DA6-9132-84DC275E134A}.MinSizeRel|x64.Build.0 = MinSizeRel|x64
		{243D2DF8-E5A5-3DA6-9132-84DC275E134A}.RelWithDebInfo|x64.ActiveCfg = RelWithDebInfo|x64
		{243D2DF8-E5A5-3DA6-9132-84DC275E134A}.RelWithDebInfo|x64.Build.0 = RelWithDebInfo|x64
		{71B0F36D-C7F6-3FCF-9B4B-9C20F2B4AD44}.Debug|x64.ActiveCfg = Debug|x64
		{71B0F36D-C7F6-3FCF-9B4B-9C20F2B4AD44}.Debug|x64.Build.0 = Debug|x64
		{71B0F36D-C7F6-3FCF-9B4B-9C20F2B4AD44}.Release|x64.ActiveCfg = Release|x64
		{71B0F36D-C7F6-3FCF-9B4B-9C20F2B4AD44}.Release|x64.Build.0 = Release|x64
		{71B0F36D-C7F6-3FCF-9B4B-9C20F2B4AD44}.MinSizeRel|x64.ActiveCfg = MinSizeRel|x64
		{71B0F36D-C7F6-3FCF-9B4B-9C20F2B4AD44}.MinSizeRel|x64.Build.0 = MinSizeRel|x64
		{71B0F36D-C7F6-3FCF-9B4B-9C20F2B4AD44}.RelWithDebInfo|x64.ActiveCfg = RelWithDebInfo|x64
		{71B0F36D-C7F6-3FCF-9B4B-9C20F2B4AD44}.RelWithDebInfo|x64.Build.0 = RelWithDebInfo|x64
		{D1510F2C-DC1F-37FC-BF02-E10511B997F0}.Debug|x64.ActiveCfg = Debug|x64
		{D1510F2C-DC1F-37FC-BF02-E10511B997F0}.Debug|x64.Build.0 = Debug|x64
		{D1510F2C-DC1F-37FC-BF02-E10511B997F0}.Release|x64.ActiveCfg = Release|x64
		{D1510F2C-DC1F-37FC-BF02-E10511B997F0}.Release|x64.Build.0 = Release|x64
		{D1510F2C-DC1F-37FC-BF02-E10511B997F0}.MinSizeRel|x64.ActiveCfg = MinSizeRel|x64
		{D1510F2C-DC1F-37FC-BF02-E10511B997F0}.MinSizeRel|x64.Build.0 = MinSizeRel|x64
		{D1510F2C-DC1F-37FC-BF02-E10511B997F0}.RelWithDebInfo|x64.ActiveCfg = RelWithDebInfo|x64
		{D1510F2C-DC1F-37FC-BF02-E10511B997F0}.RelWithDebInfo|x64.Build.0 = RelWithDebInfo|x64
		{4C6BA8F9-E854-3B62-BD80-E15868E2A05D}.Debug|x64.ActiveCfg = Debug|x64
		{4C6BA8F9-E854-3B62-BD80-E15868E2A05D}.Debug|x64.Build.0 = Debug|x64
		{4C6BA8F9-E854-3B62-BD80-E15868E2A05D}.Release|x64.ActiveCfg = Release|x64
		{4C6BA8F9-E854-3B62-BD80-E15868E2A05D}.Release|x64.Build.0 = Release|x64
		{4C6BA8F9-E854-3B62-BD80-E15868E2A05D}.MinSizeRel|x64.ActiveCfg = MinSizeRel|x64
		{4C6BA8F9-E854-3B62-BD80-E15868E2A05D}.MinSizeRel|x64.Build.0 = MinSizeRel|x64
		{4C6BA8F9-E854-3B62-BD80-E15868E2A05D}.RelWithDebInfo|x64.ActiveCfg = RelWithDebInfo|x64
		{4C6BA8F9-E854-3B62-BD80-E15868E2A05D}.RelWithDebInfo|x64.Build.0 = RelWithDebInfo|x64
		{5E6E8BA8-EC12-32A2-AABC-49D2E256EF10}.Debug|x64.ActiveCfg = Debug|x64
		{5E6E8BA8-EC12-32A2-AABC-49D2E256EF10}.Debug|x64.Build.0 = Debug|x64
		{5E6E8BA8-EC12-32A2-AABC-49D2E256EF10}.Release|x64.ActiveCfg = Release|x64
		{5E6E8BA8-EC12-32A2-AABC-49D2E256EF10}.Release|x64.Build.0 = Release|x64
		{5E6E8BA8-EC12-32A2-AABC-49D2E256EF10}.MinSizeRel|x64.ActiveCfg = MinSizeRel|x64
		{5E6E8BA8-EC12-32A2-AABC-49D2E256EF10}.MinSizeRel|x64.Build.0 = MinSizeRel|x64
		{5E6E8BA8-EC12-32A2-AABC-49D2E256EF10}.RelWithDebInfo|x64.ActiveCfg = RelWithDebInfo|x64
		{5E6E8BA8-EC12-32A2-AABC-49D2E256EF10}.RelWithDebInfo|x64.Build.0 = RelWithDebInfo|x64
		{DEC325C0-4BA5-3334-9871-59B99350B7D3}.Debug|x64.ActiveCfg = Debug|x64
		{DEC325C0-4BA5-3334-9871-59B99350B7D3}.Debug|x64.Build.0 = Debug|x64
		{DEC325C0-4BA5-3334-9871-59B99350B7D3}.Release|x64.ActiveCfg = Release|x64
		{DEC325C0-4BA5-3334-9871-59B99350B7D3}.Release|x64.Build.0 = Release|x64
		{DEC325C0-4BA5-3334-9871-59B99350B7D3}.MinSizeRel|x64.ActiveCfg = MinSizeRel|x64
		{DEC325C0-4BA5-3334-9871-59B99350B7D3}.MinSizeRel|x64.Build.0 = MinSizeRel|x64
		{DEC325C0-4BA5-3334-9871-59B99350B7D3}.RelWithDebInfo|x64.ActiveCfg = RelWithDebInfo|x64
		{DEC325C0-4BA5-3334-9871-59B99350B7D3}.RelWithDebInfo|x64.Build.0 = RelWithDebInfo|x64
		{0BCC02C7-7453-3D1F-903F-078A780137E8}.Debug|x64.ActiveCfg = Debug|x64
		{0BCC02C7-7453-3D1F-903F-078A780137E8}.Debug|x64.Build.0 = Debug|x64
		{0BCC02C7-7453-3D1F-903F-078A780137E8}.Release|x64.ActiveCfg = Release|x64
		{0BCC02C7-7453-3D1F-903F-078A780137E8}.Release|x64.Build.0 = Release|x64
		{0BCC02C7-7453-3D1F-903F-078A780137E8}.MinSizeRel|x64.ActiveCfg = MinSizeRel|x64
		{0BCC02C7-7453-3D1F-903F-078A780137E8}.MinSizeRel|x64.Build.0 = MinSizeRel|x64
		{0BCC02C7-7453-3D1F-903F-078A780137E8}.RelWithDebInfo|x64.ActiveCfg = RelWithDebInfo|x64
		{0BCC02C7-7453-3D1F-903F-078A780137E8}.RelWithDebInfo|x64.Build.0 = RelWithDebInfo|x64
		{64073907-450B-396E-8733-EF2E800BB88A}.Debug|x64.ActiveCfg = Debug|x64
		{64073907-450B-396E-8733-EF2E800BB88A}.Debug|x64.Build.0 = Debug|x64
		{64073907-450B-396E-8733-EF2E800BB88A}.Release|x64.ActiveCfg = Release|x64
		{64073907-450B-396E-8733-EF2E800BB88A}.Release|x64.Build.0 = Release|x64
		{64073907-450B-396E-8733-EF2E800BB88A}.MinSizeRel|x64.ActiveCfg = MinSizeRel|x64
		{64073907-450B-396E-8733-EF2E800BB88A}.MinSizeRel|x64.Build.0 = MinSizeRel|x64
		{64073907-450B-396E-8733-EF2E800BB88A}.RelWithDebInfo|x64.ActiveCfg = RelWithDebInfo|x64
		{64073907-450B-396E-8733-EF2E800BB88A}.RelWithDebInfo|x64.Build.0 = RelWithDebInfo|x64
		{D2725557-6A92-32A1-8A2B-C69523A1937B}.Debug|x64.ActiveCfg = Debug|x64
		{D2725557-6A92-32A1-8A2B-C69523A1937B}.Debug|x64.Build.0 = Debug|x64
		{D2725557-6A92-32A1-8A2B-C69523A1937B}.Release|x64.ActiveCfg = Release|x64
		{D2725557-6A92-32A1-8A2B-C69523A1937B}.Release|x64.Build.0 = Release|x64
		{D2725557-6A92-32A1-8A2B-C69523A1937B}.MinSizeRel|x64.ActiveCfg = MinSizeRel|x64
		{D2725557-6A92-32A1-8A2B-C69523A1937B}.MinSizeRel|x64.Build.0 = MinSizeRel|x64
		{D2725557-6A92-32A1-8A2B-C69523A1937B}.RelWithDebInfo|x64.ActiveCfg = RelWithDebInfo|x64
		{D2725557-6A92-32A1-8A2B-C69523A1937B}.RelWithDebInfo|x64.Build.0 = RelWithDebInfo|x64
		{CF34072C-2E88-33D5-956E-CA7269C8F104}.Debug|x64.ActiveCfg = Debug|x64
		{CF34072C-2E88-33D5-956E-CA7269C8F104}.Debug|x64.Build.0 = Debug|x64
		{CF34072C-2E88-33D5-956E-CA7269C8F104}.Release|x64.ActiveCfg = Release|x64
		{CF34072C-2E88-33D5-956E-CA7269C8F104}.Release|x64.Build.0 = Release|x64
		{CF34072C-2E88-33D5-956E-CA7269C8F104}.MinSizeRel|x64.ActiveCfg = MinSizeRel|x64
		{CF34072C-2E88-33D5-956E-CA7269C8F104}.MinSizeRel|x64.Build.0 = MinSizeRel|x64
		{CF34072C-2E88-33D5-956E-CA7269C8F104}.RelWithDebInfo|x64.ActiveCfg = RelWithDebInfo|x64
		{CF34072C-2E88-33D5-956E-CA7269C8F104}.RelWithDebInfo|x64.Build.0 = RelWithDebInfo|x64
		{4C1AC613-1756-3D65-A6C7-EB8DB4C300BE}.Debug|x64.ActiveCfg = Debug|x64
		{4C1AC613-1756-3D65-A6C7-EB8DB4C300BE}.Debug|x64.Build.0 = Debug|x64
		{4C1AC613-1756-3D65-A6C7-EB8DB4C300BE}.Release|x64.ActiveCfg = Release|x64
		{4C1AC613-1756-3D65-A6C7-EB8DB4C300BE}.Release|x64.Build.0 = Release|x64
		{4C1AC613-1756-3D65-A6C7-EB8DB4C300BE}.MinSizeRel|x64.ActiveCfg = MinSizeRel|x64
		{4C1AC613-1756-3D65-A6C7-EB8DB4C300BE}.MinSizeRel|x64.Build.0 = MinSizeRel|x64
		{4C1AC613-1756-3D65-A6C7-EB8DB4C300BE}.RelWithDebInfo|x64.ActiveCfg = RelWithDebInfo|x64
		{4C1AC613-1756-3D65-A6C7-EB8DB4C300BE}.RelWithDebInfo|x64.Build.0 = RelWithDebInfo|x64
		{56AD285A-B0B9-30DC-B062-A5F9009516A4}.Debug|x64.ActiveCfg = Debug|x64
		{56AD285A-B0B9-30DC-B062-A5F9009516A4}.Debug|x64.Build.0 = Debug|x64
		{56AD285A-B0B9-30DC-B062-A5F9009516A4}.Release|x64.ActiveCfg = Release|x64
		{56AD285A-B0B9-30DC-B062-A5F9009516A4}.Release|x64.Build.0 = Release|x64
		{56AD285A-B0B9-30DC-B062-A5F9009516A4}.MinSizeRel|x64.ActiveCfg = MinSizeRel|x64
		{56AD285A-B0B9-30DC-B062-A5F9009516A4}.MinSizeRel|x64.Build.0 = MinSizeRel|x64
		{56AD285A-B0B9-30DC-B062-A5F9009516A4}.RelWithDebInfo|x64.ActiveCfg = RelWithDebInfo|x64
		{56AD285A-B0B9-30DC-B062-A5F9009516A4}.RelWithDebInfo|x64.Build.0 = RelWithDebInfo|x64
		{BAE123C5-0091-382B-B36B-42DE29B2C95F}.Debug|x64.ActiveCfg = Debug|x64
		{BAE123C5-0091-382B-B36B-42DE29B2C95F}.Debug|x64.Build.0 = Debug|x64
		{BAE123C5-0091-382B-B36B-42DE29B2C95F}.Release|x64.ActiveCfg = Release|x64
		{BAE123C5-0091-382B-B36B-42DE29B2C95F}.Release|x64.Build.0 = Release|x64
		{BAE123C5-0091-382B-B36B-42DE29B2C95F}.MinSizeRel|x64.ActiveCfg = MinSizeRel|x64
		{BAE123C5-0091-382B-B36B-42DE29B2C95F}.MinSizeRel|x64.Build.0 = MinSizeRel|x64
		{BAE123C5-0091-382B-B36B-42DE29B2C95F}.RelWithDebInfo|x64.ActiveCfg = RelWithDebInfo|x64
		{BAE123C5-0091-382B-B36B-42DE29B2C95F}.RelWithDebInfo|x64.Build.0 = RelWithDebInfo|x64
		{26727074-B773-3539-9889-9849D5F4A38E}.Debug|x64.ActiveCfg = Debug|x64
		{26727074-B773-3539-9889-9849D5F4A38E}.Debug|x64.Build.0 = Debug|x64
		{26727074-B773-3539-9889-9849D5F4A38E}.Release|x64.ActiveCfg = Release|x64
		{26727074-B773-3539-9889-9849D5F4A38E}.Release|x64.Build.0 = Release|x64
		{26727074-B773-3539-9889-9849D5F4A38E}.MinSizeRel|x64.ActiveCfg = MinSizeRel|x64
		{26727074-B773-3539-9889-9849D5F4A38E}.MinSizeRel|x64.Build.0 = MinSizeRel|x64
		{26727074-B773-3539-9889-9849D5F4A38E}.RelWithDebInfo|x64.ActiveCfg = RelWithDebInfo|x64
		{26727074-B773-3539-9889-9849D5F4A38E}.RelWithDebInfo|x64.Build.0 = RelWithDebInfo|x64
		{E49796E3-AA3F-324B-B73C-4FD899356E65}.Debug|x64.ActiveCfg = Debug|x64
		{E49796E3-AA3F-324B-B73C-4FD899356E65}.Debug|x64.Build.0 = Debug|x64
		{E49796E3-AA3F-324B-B73C-4FD899356E65}.Release|x64.ActiveCfg = Release|x64
		{E49796E3-AA3F-324B-B73C-4FD899356E65}.Release|x64.Build.0 = Release|x64
		{E49796E3-AA3F-324B-B73C-4FD899356E65}.MinSizeRel|x64.ActiveCfg = MinSizeRel|x64
		{E49796E3-AA3F-324B-B73C-4FD899356E65}.MinSizeRel|x64.Build.0 = MinSizeRel|x64
		{E49796E3-AA3F-324B-B73C-4FD899356E65}.RelWithDebInfo|x64.ActiveCfg = RelWithDebInfo|x64
		{E49796E3-AA3F-324B-B73C-4FD899356E65}.RelWithDebInfo|x64.Build.0 = RelWithDebInfo|x64
		{BFB5A911-A145-32BC-9B59-58D37CFDC76C}.Debug|x64.ActiveCfg = Debug|x64
		{BFB5A911-A145-32BC-9B59-58D37CFDC76C}.Debug|x64.Build.0 = Debug|x64
		{BFB5A911-A145-32BC-9B59-58D37CFDC76C}.Release|x64.ActiveCfg = Release|x64
		{BFB5A911-A145-32BC-9B59-58D37CFDC76C}.Release|x64.Build.0 = Release|x64
		{BFB5A911-A145-32BC-9B59-58D37CFDC76C}.MinSizeRel|x64.ActiveCfg = MinSizeRel|x64
		{BFB5A911-A145-32BC-9B59-58D37CFDC76C}.MinSizeRel|x64.Build.0 = MinSizeRel|x64
		{BFB5A911-A145-32BC-9B59-58D37CFDC76C}.RelWithDebInfo|x64.ActiveCfg = RelWithDebInfo|x64
		{BFB5A911-A145-32BC-9B59-58D37CFDC76C}.RelWithDebInfo|x64.Build.0 = RelWithDebInfo|x64
		{F5AA8588-E49B-37ED-AD42-FADD8E70D309}.Debug|x64.ActiveCfg = Debug|x64
		{F5AA8588-E49B-37ED-AD42-FADD8E70D309}.Debug|x64.Build.0 = Debug|x64
		{F5AA8588-E49B-37ED-AD42-FADD8E70D309}.Release|x64.ActiveCfg = Release|x64
		{F5AA8588-E49B-37ED-AD42-FADD8E70D309}.Release|x64.Build.0 = Release|x64
		{F5AA8588-E49B-37ED-AD42-FADD8E70D309}.MinSizeRel|x64.ActiveCfg = MinSizeRel|x64
		{F5AA8588-E49B-37ED-AD42-FADD8E70D309}.MinSizeRel|x64.Build.0 = MinSizeRel|x64
		{F5AA8588-E49B-37ED-AD42-FADD8E70D309}.RelWithDebInfo|x64.ActiveCfg = RelWithDebInfo|x64
		{F5AA8588-E49B-37ED-AD42-FADD8E70D309}.RelWithDebInfo|x64.Build.0 = RelWithDebInfo|x64
		{52CD819F-02B7-35E6-850C-BB1150976C0B}.Debug|x64.ActiveCfg = Debug|x64
		{52CD819F-02B7-35E6-850C-BB1150976C0B}.Debug|x64.Build.0 = Debug|x64
		{52CD819F-02B7-35E6-850C-BB1150976C0B}.Release|x64.ActiveCfg = Release|x64
		{52CD819F-02B7-35E6-850C-BB1150976C0B}.Release|x64.Build.0 = Release|x64
		{52CD819F-02B7-35E6-850C-BB1150976C0B}.MinSizeRel|x64.ActiveCfg = MinSizeRel|x64
		{52CD819F-02B7-35E6-850C-BB1150976C0B}.MinSizeRel|x64.Build.0 = MinSizeRel|x64
		{52CD819F-02B7-35E6-850C-BB1150976C0B}.RelWithDebInfo|x64.ActiveCfg = RelWithDebInfo|x64
		{52CD819F-02B7-35E6-850C-BB1150976C0B}.RelWithDebInfo|x64.Build.0 = RelWithDebInfo|x64
		{E7E706E6-989A-3C29-8528-AB0CE08A510C}.Debug|x64.ActiveCfg = Debug|x64
		{E7E706E6-989A-3C29-8528-AB0CE08A510C}.Debug|x64.Build.0 = Debug|x64
		{E7E706E6-989A-3C29-8528-AB0CE08A510C}.Release|x64.ActiveCfg = Release|x64
		{E7E706E6-989A-3C29-8528-AB0CE08A510C}.Release|x64.Build.0 = Release|x64
		{E7E706E6-989A-3C29-8528-AB0CE08A510C}.MinSizeRel|x64.ActiveCfg = MinSizeRel|x64
		{E7E706E6-989A-3C29-8528-AB0CE08A510C}.MinSizeRel|x64.Build.0 = MinSizeRel|x64
		{E7E706E6-989A-3C29-8528-AB0CE08A510C}.RelWithDebInfo|x64.ActiveCfg = RelWithDebInfo|x64
		{E7E706E6-989A-3C29-8528-AB0CE08A510C}.RelWithDebInfo|x64.Build.0 = RelWithDebInfo|x64
		{35DC9359-EF43-3CAC-BD6C-F9C535C07182}.Debug|x64.ActiveCfg = Debug|x64
		{35DC9359-EF43-3CAC-BD6C-F9C535C07182}.Debug|x64.Build.0 = Debug|x64
		{35DC9359-EF43-3CAC-BD6C-F9C535C07182}.Release|x64.ActiveCfg = Release|x64
		{35DC9359-EF43-3CAC-BD6C-F9C535C07182}.Release|x64.Build.0 = Release|x64
		{35DC9359-EF43-3CAC-BD6C-F9C535C07182}.MinSizeRel|x64.ActiveCfg = MinSizeRel|x64
		{35DC9359-EF43-3CAC-BD6C-F9C535C07182}.MinSizeRel|x64.Build.0 = MinSizeRel|x64
		{35DC9359-EF43-3CAC-BD6C-F9C535C07182}.RelWithDebInfo|x64.ActiveCfg = RelWithDebInfo|x64
		{35DC9359-EF43-3CAC-BD6C-F9C535C07182}.RelWithDebInfo|x64.Build.0 = RelWithDebInfo|x64
		{4F72E86D-CA33-3FA8-A47D-2F362A146FD9}.Debug|x64.ActiveCfg = Debug|x64
		{4F72E86D-CA33-3FA8-A47D-2F362A146FD9}.Debug|x64.Build.0 = Debug|x64
		{4F72E86D-CA33-3FA8-A47D-2F362A146FD9}.Release|x64.ActiveCfg = Release|x64
		{4F72E86D-CA33-3FA8-A47D-2F362A146FD9}.Release|x64.Build.0 = Release|x64
		{4F72E86D-CA33-3FA8-A47D-2F362A146FD9}.MinSizeRel|x64.ActiveCfg = MinSizeRel|x64
		{4F72E86D-CA33-3FA8-A47D-2F362A146FD9}.MinSizeRel|x64.Build.0 = MinSizeRel|x64
		{4F72E86D-CA33-3FA8-A47D-2F362A146FD9}.RelWithDebInfo|x64.ActiveCfg = RelWithDebInfo|x64
		{4F72E86D-CA33-3FA8-A47D-2F362A146FD9}.RelWithDebInfo|x64.Build.0 = RelWithDebInfo|x64
		{CCA89A83-9D28-3044-97F7-2EF344BA357D}.Debug|x64.ActiveCfg = Debug|x64
		{CCA89A83-9D28-3044-97F7-2EF344BA357D}.Debug|x64.Build.0 = Debug|x64
		{CCA89A83-9D28-3044-97F7-2EF344BA357D}.Release|x64.ActiveCfg = Release|x64
		{CCA89A83-9D28-3044-97F7-2EF344BA357D}.Release|x64.Build.0 = Release|x64
		{CCA89A83-9D28-3044-97F7-2EF344BA357D}.MinSizeRel|x64.ActiveCfg = MinSizeRel|x64
		{CCA89A83-9D28-3044-97F7-2EF344BA357D}.MinSizeRel|x64.Build.0 = MinSizeRel|x64
		{CCA89A83-9D28-3044-97F7-2EF344BA357D}.RelWithDebInfo|x64.ActiveCfg = RelWithDebInfo|x64
		{CCA89A83-9D28-3044-97F7-2EF344BA357D}.RelWithDebInfo|x64.Build.0 = RelWithDebInfo|x64
		{0C67705E-6800-3064-9122-1F6CC26810EB}.Debug|x64.ActiveCfg = Debug|x64
		{0C67705E-6800-3064-9122-1F6CC26810EB}.Debug|x64.Build.0 = Debug|x64
		{0C67705E-6800-3064-9122-1F6CC26810EB}.Release|x64.ActiveCfg = Release|x64
		{0C67705E-6800-3064-9122-1F6CC26810EB}.Release|x64.Build.0 = Release|x64
		{0C67705E-6800-3064-9122-1F6CC26810EB}.MinSizeRel|x64.ActiveCfg = MinSizeRel|x64
		{0C67705E-6800-3064-9122-1F6CC26810EB}.MinSizeRel|x64.Build.0 = MinSizeRel|x64
		{0C67705E-6800-3064-9122-1F6CC26810EB}.RelWithDebInfo|x64.ActiveCfg = RelWithDebInfo|x64
		{0C67705E-6800-3064-9122-1F6CC26810EB}.RelWithDebInfo|x64.Build.0 = RelWithDebInfo|x64
		{C97AF668-EA55-3666-8880-DC168AB9B858}.Debug|x64.ActiveCfg = Debug|x64
		{C97AF668-EA55-3666-8880-DC168AB9B858}.Debug|x64.Build.0 = Debug|x64
		{C97AF668-EA55-3666-8880-DC168AB9B858}.Release|x64.ActiveCfg = Release|x64
		{C97AF668-EA55-3666-8880-DC168AB9B858}.Release|x64.Build.0 = Release|x64
		{C97AF668-EA55-3666-8880-DC168AB9B858}.MinSizeRel|x64.ActiveCfg = MinSizeRel|x64
		{C97AF668-EA55-3666-8880-DC168AB9B858}.MinSizeRel|x64.Build.0 = MinSizeRel|x64
		{C97AF668-EA55-3666-8880-DC168AB9B858}.RelWithDebInfo|x64.ActiveCfg = RelWithDebInfo|x64
		{C97AF668-EA55-3666-8880-DC168AB9B858}.RelWithDebInfo|x64.Build.0 = RelWithDebInfo|x64
		{66F6849B-3D56-320D-B067-186D4281B870}.Debug|x64.ActiveCfg = Debug|x64
		{66F6849B-3D56-320D-B067-186D4281B870}.Debug|x64.Build.0 = Debug|x64
		{66F6849B-3D56-320D-B067-186D4281B870}.Release|x64.ActiveCfg = Release|x64
		{66F6849B-3D56-320D-B067-186D4281B870}.Release|x64.Build.0 = Release|x64
		{66F6849B-3D56-320D-B067-186D4281B870}.MinSizeRel|x64.ActiveCfg = MinSizeRel|x64
		{66F6849B-3D56-320D-B067-186D4281B870}.MinSizeRel|x64.Build.0 = MinSizeRel|x64
		{66F6849B-3D56-320D-B067-186D4281B870}.RelWithDebInfo|x64.ActiveCfg = RelWithDebInfo|x64
		{66F6849B-3D56-320D-B067-186D4281B870}.RelWithDebInfo|x64.Build.0 = RelWithDebInfo|x64
		{19A522D5-48A6-3C87-ACEA-B2826D35F4A4}.Debug|x64.ActiveCfg = Debug|x64
		{19A522D5-48A6-3C87-ACEA-B2826D35F4A4}.Debug|x64.Build.0 = Debug|x64
		{19A522D5-48A6-3C87-ACEA-B2826D35F4A4}.Release|x64.ActiveCfg = Release|x64
		{19A522D5-48A6-3C87-ACEA-B2826D35F4A4}.Release|x64.Build.0 = Release|x64
		{19A522D5-48A6-3C87-ACEA-B2826D35F4A4}.MinSizeRel|x64.ActiveCfg = MinSizeRel|x64
		{19A522D5-48A6-3C87-ACEA-B2826D35F4A4}.MinSizeRel|x64.Build.0 = MinSizeRel|x64
		{19A522D5-48A6-3C87-ACEA-B2826D35F4A4}.RelWithDebInfo|x64.ActiveCfg = RelWithDebInfo|x64
		{19A522D5-48A6-3C87-ACEA-B2826D35F4A4}.RelWithDebInfo|x64.Build.0 = RelWithDebInfo|x64
		{4F5EF8CB-AD55-33D3-A415-BB982A39D79D}.Debug|x64.ActiveCfg = Debug|x64
		{4F5EF8CB-AD55-33D3-A415-BB982A39D79D}.Debug|x64.Build.0 = Debug|x64
		{4F5EF8CB-AD55-33D3-A415-BB982A39D79D}.Release|x64.ActiveCfg = Release|x64
		{4F5EF8CB-AD55-33D3-A415-BB982A39D79D}.Release|x64.Build.0 = Release|x64
		{4F5EF8CB-AD55-33D3-A415-BB982A39D79D}.MinSizeRel|x64.ActiveCfg = MinSizeRel|x64
		{4F5EF8CB-AD55-33D3-A415-BB982A39D79D}.MinSizeRel|x64.Build.0 = MinSizeRel|x64
		{4F5EF8CB-AD55-33D3-A415-BB982A39D79D}.RelWithDebInfo|x64.ActiveCfg = RelWithDebInfo|x64
		{4F5EF8CB-AD55-33D3-A415-BB982A39D79D}.RelWithDebInfo|x64.Build.0 = RelWithDebInfo|x64
		{ED629DC8-49E0-3B3E-81D7-387A8555D13D}.Debug|x64.ActiveCfg = Debug|x64
		{ED629DC8-49E0-3B3E-81D7-387A8555D13D}.Debug|x64.Build.0 = Debug|x64
		{ED629DC8-49E0-3B3E-81D7-387A8555D13D}.Release|x64.ActiveCfg = Release|x64
		{ED629DC8-49E0-3B3E-81D7-387A8555D13D}.Release|x64.Build.0 = Release|x64
		{ED629DC8-49E0-3B3E-81D7-387A8555D13D}.MinSizeRel|x64.ActiveCfg = MinSizeRel|x64
		{ED629DC8-49E0-3B3E-81D7-387A8555D13D}.MinSizeRel|x64.Build.0 = MinSizeRel|x64
		{ED629DC8-49E0-3B3E-81D7-387A8555D13D}.RelWithDebInfo|x64.ActiveCfg = RelWithDebInfo|x64
		{ED629DC8-49E0-3B3E-81D7-387A8555D13D}.RelWithDebInfo|x64.Build.0 = RelWithDebInfo|x64
		{3B7254EB-0AFC-3DBE-9652-4C78965A3941}.Debug|x64.ActiveCfg = Debug|x64
		{3B7254EB-0AFC-3DBE-9652-4C78965A3941}.Release|x64.ActiveCfg = Release|x64
		{3B7254EB-0AFC-3DBE-9652-4C78965A3941}.MinSizeRel|x64.ActiveCfg = MinSizeRel|x64
		{3B7254EB-0AFC-3DBE-9652-4C78965A3941}.RelWithDebInfo|x64.ActiveCfg = RelWithDebInfo|x64
		{9C73C220-2A38-366A-A8DB-F3A9E090D3F1}.Debug|x64.ActiveCfg = Debug|x64
		{9C73C220-2A38-366A-A8DB-F3A9E090D3F1}.Debug|x64.Build.0 = Debug|x64
		{9C73C220-2A38-366A-A8DB-F3A9E090D3F1}.Release|x64.ActiveCfg = Release|x64
		{9C73C220-2A38-366A-A8DB-F3A9E090D3F1}.Release|x64.Build.0 = Release|x64
		{9C73C220-2A38-366A-A8DB-F3A9E090D3F1}.MinSizeRel|x64.ActiveCfg = MinSizeRel|x64
		{9C73C220-2A38-366A-A8DB-F3A9E090D3F1}.MinSizeRel|x64.Build.0 = MinSizeRel|x64
		{9C73C220-2A38-366A-A8DB-F3A9E090D3F1}.RelWithDebInfo|x64.ActiveCfg = RelWithDebInfo|x64
		{9C73C220-2A38-366A-A8DB-F3A9E090D3F1}.RelWithDebInfo|x64.Build.0 = RelWithDebInfo|x64
		{E68064A5-9E56-32C5-9AB1-194A2189BB67}.Debug|x64.ActiveCfg = Debug|x64
		{E68064A5-9E56-32C5-9AB1-194A2189BB67}.Debug|x64.Build.0 = Debug|x64
		{E68064A5-9E56-32C5-9AB1-194A2189BB67}.Release|x64.ActiveCfg = Release|x64
		{E68064A5-9E56-32C5-9AB1-194A2189BB67}.Release|x64.Build.0 = Release|x64
		{E68064A5-9E56-32C5-9AB1-194A2189BB67}.MinSizeRel|x64.ActiveCfg = MinSizeRel|x64
		{E68064A5-9E56-32C5-9AB1-194A2189BB67}.MinSizeRel|x64.Build.0 = MinSizeRel|x64
		{E68064A5-9E56-32C5-9AB1-194A2189BB67}.RelWithDebInfo|x64.ActiveCfg = RelWithDebInfo|x64
		{E68064A5-9E56-32C5-9AB1-194A2189BB67}.RelWithDebInfo|x64.Build.0 = RelWithDebInfo|x64
		{18CD1AFC-4D7B-39CD-9E48-158218ADDA64}.Debug|x64.ActiveCfg = Debug|x64
		{18CD1AFC-4D7B-39CD-9E48-158218ADDA64}.Debug|x64.Build.0 = Debug|x64
		{18CD1AFC-4D7B-39CD-9E48-158218ADDA64}.Release|x64.ActiveCfg = Release|x64
		{18CD1AFC-4D7B-39CD-9E48-158218ADDA64}.Release|x64.Build.0 = Release|x64
		{18CD1AFC-4D7B-39CD-9E48-158218ADDA64}.MinSizeRel|x64.ActiveCfg = MinSizeRel|x64
		{18CD1AFC-4D7B-39CD-9E48-158218ADDA64}.MinSizeRel|x64.Build.0 = MinSizeRel|x64
		{18CD1AFC-4D7B-39CD-9E48-158218ADDA64}.RelWithDebInfo|x64.ActiveCfg = RelWithDebInfo|x64
		{18CD1AFC-4D7B-39CD-9E48-158218ADDA64}.RelWithDebInfo|x64.Build.0 = RelWithDebInfo|x64
	EndGlobalSection
	GlobalSection(NestedProjects) = preSolution
		{8146A032-0B04-31FD-80BB-E35B599CAD77} = {7560878E-455A-3CE8-9725-1FCC82695593}
		{008203FC-B994-366C-9AC8-6902700E51AB} = {7560878E-455A-3CE8-9725-1FCC82695593}
		{1CD4D149-69DA-3241-920C-3BB9B204B903} = {7560878E-455A-3CE8-9725-1FCC82695593}
		{FF474A9B-153E-39EC-8D26-EA89A53C00D3} = {69283232-803B-3D0B-A9BB-57751A97F94D}
		{99ADA477-A960-344A-80C2-64D6B901412B} = {69283232-803B-3D0B-A9BB-57751A97F94D}
		{C5D772A2-7500-3068-93AA-D7EB9653B27A} = {69283232-803B-3D0B-A9BB-57751A97F94D}
		{F7D9F92C-CF38-3435-B206-33F39C55B12D} = {FF474A9B-153E-39EC-8D26-EA89A53C00D3}
		{659DD10E-B9AF-3C26-AFDA-739D49E6F674} = {FF474A9B-153E-39EC-8D26-EA89A53C00D3}
		{68CA1F73-8A1B-39FD-A899-B75D2013D7EB} = {FF474A9B-153E-39EC-8D26-EA89A53C00D3}
		{C8FF9884-21E7-3E8C-9376-933F514F40DB} = {FF474A9B-153E-39EC-8D26-EA89A53C00D3}
		{71B0F36D-C7F6-3FCF-9B4B-9C20F2B4AD44} = {FF474A9B-153E-39EC-8D26-EA89A53C00D3}
		{D1510F2C-DC1F-37FC-BF02-E10511B997F0} = {FF474A9B-153E-39EC-8D26-EA89A53C00D3}
		{9C73C220-2A38-366A-A8DB-F3A9E090D3F1} = {FF474A9B-153E-39EC-8D26-EA89A53C00D3}
		{06DCFC39-659F-3742-9F92-A09DD0B1FCF4} = {99ADA477-A960-344A-80C2-64D6B901412B}
		{7D58AD7E-F557-37E3-A1B6-1B46B6687B9D} = {99ADA477-A960-344A-80C2-64D6B901412B}
		{CEAA9053-2937-39F6-B4D6-1A76C174166A} = {99ADA477-A960-344A-80C2-64D6B901412B}
		{7DEB7852-3184-3528-8253-969C30A239C0} = {99ADA477-A960-344A-80C2-64D6B901412B}
		{40436A2A-9938-31F8-BA8B-E348E1C219DA} = {99ADA477-A960-344A-80C2-64D6B901412B}
		{CA4B0C37-2045-3299-B65B-1081534C00E4} = {99ADA477-A960-344A-80C2-64D6B901412B}
		{F7755A6F-A92B-389C-95EF-15F73E09FE27} = {99ADA477-A960-344A-80C2-64D6B901412B}
		{2029A1CF-DA1B-316A-BD80-5744706C7097} = {99ADA477-A960-344A-80C2-64D6B901412B}
		{F8CBF21F-0657-33C5-BAD1-00BDB53F5414} = {99ADA477-A960-344A-80C2-64D6B901412B}
		{84DC8B61-8E55-3558-8CED-10EBB7A847E0} = {99ADA477-A960-344A-80C2-64D6B901412B}
		{1AFA65AF-B877-394F-B5DF-AEDB50223CFB} = {99ADA477-A960-344A-80C2-64D6B901412B}
		{243D2DF8-E5A5-3DA6-9132-84DC275E134A} = {99ADA477-A960-344A-80C2-64D6B901412B}
		{4C6BA8F9-E854-3B62-BD80-E15868E2A05D} = {99ADA477-A960-344A-80C2-64D6B901412B}
		{5E6E8BA8-EC12-32A2-AABC-49D2E256EF10} = {99ADA477-A960-344A-80C2-64D6B901412B}
		{DEC325C0-4BA5-3334-9871-59B99350B7D3} = {99ADA477-A960-344A-80C2-64D6B901412B}
		{E68064A5-9E56-32C5-9AB1-194A2189BB67} = {99ADA477-A960-344A-80C2-64D6B901412B}
	EndGlobalSection
	GlobalSection(ExtensibilityGlobals) = postSolution
	EndGlobalSection
	GlobalSection(ExtensibilityAddIns) = postSolution
	EndGlobalSection
EndGlobal
